// !$*UTF8*$!
{
	archiveVersion = 1;
	classes = {
	};
	objectVersion = 50;
	objects = {

/* Begin PBXBuildFile section */
		05587CF620E9CF9C003AE8B6 /* AppDelegate.swift in Sources */ = {isa = PBXBuildFile; fileRef = 05587CF520E9CF9C003AE8B6 /* AppDelegate.swift */; };
		05587CF820E9CF9C003AE8B6 /* ViewController.swift in Sources */ = {isa = PBXBuildFile; fileRef = 05587CF720E9CF9C003AE8B6 /* ViewController.swift */; };
		05587CFB20E9CF9C003AE8B6 /* Main.storyboard in Resources */ = {isa = PBXBuildFile; fileRef = 05587CF920E9CF9C003AE8B6 /* Main.storyboard */; };
		05587CFD20E9CF9D003AE8B6 /* Assets.xcassets in Resources */ = {isa = PBXBuildFile; fileRef = 05587CFC20E9CF9D003AE8B6 /* Assets.xcassets */; };
		05587D0020E9CF9D003AE8B6 /* LaunchScreen.storyboard in Resources */ = {isa = PBXBuildFile; fileRef = 05587CFE20E9CF9D003AE8B6 /* LaunchScreen.storyboard */; };
		05587D0820E9CFB6003AE8B6 /* UIImageView+FaceAware.swift in Sources */ = {isa = PBXBuildFile; fileRef = 05587D0720E9CFB6003AE8B6 /* UIImageView+FaceAware.swift */; };
		05587D0A20E9CFE9003AE8B6 /* myPic.png in Resources */ = {isa = PBXBuildFile; fileRef = 05587D0920E9CFE9003AE8B6 /* myPic.png */; };
/* End PBXBuildFile section */

/* Begin PBXFileReference section */
		05587CF220E9CF9C003AE8B6 /* Example3.app */ = {isa = PBXFileReference; explicitFileType = wrapper.application; includeInIndex = 0; path = Example3.app; sourceTree = BUILT_PRODUCTS_DIR; };
		05587CF520E9CF9C003AE8B6 /* AppDelegate.swift */ = {isa = PBXFileReference; lastKnownFileType = sourcecode.swift; path = AppDelegate.swift; sourceTree = "<group>"; };
		05587CF720E9CF9C003AE8B6 /* ViewController.swift */ = {isa = PBXFileReference; lastKnownFileType = sourcecode.swift; path = ViewController.swift; sourceTree = "<group>"; };
		05587CFA20E9CF9C003AE8B6 /* Base */ = {isa = PBXFileReference; lastKnownFileType = file.storyboard; name = Base; path = Base.lproj/Main.storyboard; sourceTree = "<group>"; };
		05587CFC20E9CF9D003AE8B6 /* Assets.xcassets */ = {isa = PBXFileReference; lastKnownFileType = folder.assetcatalog; path = Assets.xcassets; sourceTree = "<group>"; };
		05587CFF20E9CF9D003AE8B6 /* Base */ = {isa = PBXFileReference; lastKnownFileType = file.storyboard; name = Base; path = Base.lproj/LaunchScreen.storyboard; sourceTree = "<group>"; };
		05587D0120E9CF9D003AE8B6 /* Info.plist */ = {isa = PBXFileReference; lastKnownFileType = text.plist.xml; path = Info.plist; sourceTree = "<group>"; };
		05587D0720E9CFB6003AE8B6 /* UIImageView+FaceAware.swift */ = {isa = PBXFileReference; fileEncoding = 4; lastKnownFileType = sourcecode.swift; path = "UIImageView+FaceAware.swift"; sourceTree = "<group>"; };
		05587D0920E9CFE9003AE8B6 /* myPic.png */ = {isa = PBXFileReference; lastKnownFileType = image.png; path = myPic.png; sourceTree = "<group>"; };
/* End PBXFileReference section */

/* Begin PBXFrameworksBuildPhase section */
		05587CEF20E9CF9C003AE8B6 /* Frameworks */ = {
			isa = PBXFrameworksBuildPhase;
			buildActionMask = 2147483647;
			files = (
			);
			runOnlyForDeploymentPostprocessing = 0;
		};
/* End PBXFrameworksBuildPhase section */

/* Begin PBXGroup section */
		05587CE920E9CF9C003AE8B6 = {
			isa = PBXGroup;
			children = (
				05587CF420E9CF9C003AE8B6 /* Example3 */,
				05587CF320E9CF9C003AE8B6 /* Products */,
			);
			sourceTree = "<group>";
		};
		05587CF320E9CF9C003AE8B6 /* Products */ = {
			isa = PBXGroup;
			children = (
				05587CF220E9CF9C003AE8B6 /* Example3.app */,
			);
			name = Products;
			sourceTree = "<group>";
		};
		05587CF420E9CF9C003AE8B6 /* Example3 */ = {
			isa = PBXGroup;
			children = (
				05587D0720E9CFB6003AE8B6 /* UIImageView+FaceAware.swift */,
				05587CF520E9CF9C003AE8B6 /* AppDelegate.swift */,
				05587CF720E9CF9C003AE8B6 /* ViewController.swift */,
				05587CF920E9CF9C003AE8B6 /* Main.storyboard */,
				05587CFC20E9CF9D003AE8B6 /* Assets.xcassets */,
				05587D0920E9CFE9003AE8B6 /* myPic.png */,
				05587CFE20E9CF9D003AE8B6 /* LaunchScreen.storyboard */,
				05587D0120E9CF9D003AE8B6 /* Info.plist */,
			);
			path = Example3;
			sourceTree = "<group>";
		};
/* End PBXGroup section */

/* Begin PBXNativeTarget section */
		05587CF120E9CF9C003AE8B6 /* Example3 */ = {
			isa = PBXNativeTarget;
			buildConfigurationList = 05587D0420E9CF9D003AE8B6 /* Build configuration list for PBXNativeTarget "Example3" */;
			buildPhases = (
				05587CEE20E9CF9C003AE8B6 /* Sources */,
				05587CEF20E9CF9C003AE8B6 /* Frameworks */,
				05587CF020E9CF9C003AE8B6 /* Resources */,
			);
			buildRules = (
			);
			dependencies = (
			);
			name = Example3;
			productName = Example3;
			productReference = 05587CF220E9CF9C003AE8B6 /* Example3.app */;
			productType = "com.apple.product-type.application";
		};
/* End PBXNativeTarget section */

/* Begin PBXProject section */
		05587CEA20E9CF9C003AE8B6 /* Project object */ = {
			isa = PBXProject;
			attributes = {
				LastSwiftUpdateCheck = 0940;
				LastUpgradeCheck = 0940;
				ORGANIZATIONNAME = "김종현";
				TargetAttributes = {
					05587CF120E9CF9C003AE8B6 = {
						CreatedOnToolsVersion = 9.4.1;
					};
				};
			};
			buildConfigurationList = 05587CED20E9CF9C003AE8B6 /* Build configuration list for PBXProject "Example3" */;
			compatibilityVersion = "Xcode 9.3";
			developmentRegion = en;
			hasScannedForEncodings = 0;
			knownRegions = (
				en,
				Base,
			);
			mainGroup = 05587CE920E9CF9C003AE8B6;
			productRefGroup = 05587CF320E9CF9C003AE8B6 /* Products */;
			projectDirPath = "";
			projectRoot = "";
			targets = (
				05587CF120E9CF9C003AE8B6 /* Example3 */,
			);
		};
/* End PBXProject section */

/* Begin PBXResourcesBuildPhase section */
		05587CF020E9CF9C003AE8B6 /* Resources */ = {
			isa = PBXResourcesBuildPhase;
			buildActionMask = 2147483647;
			files = (
				05587D0020E9CF9D003AE8B6 /* LaunchScreen.storyboard in Resources */,
				05587CFD20E9CF9D003AE8B6 /* Assets.xcassets in Resources */,
				05587D0A20E9CFE9003AE8B6 /* myPic.png in Resources */,
				05587CFB20E9CF9C003AE8B6 /* Main.storyboard in Resources */,
			);
			runOnlyForDeploymentPostprocessing = 0;
		};
/* End PBXResourcesBuildPhase section */

/* Begin PBXSourcesBuildPhase section */
		05587CEE20E9CF9C003AE8B6 /* Sources */ = {
			isa = PBXSourcesBuildPhase;
			buildActionMask = 2147483647;
			files = (
				05587CF820E9CF9C003AE8B6 /* ViewController.swift in Sources */,
				05587CF620E9CF9C003AE8B6 /* AppDelegate.swift in Sources */,
				05587D0820E9CFB6003AE8B6 /* UIImageView+FaceAware.swift in Sources */,
			);
			runOnlyForDeploymentPostprocessing = 0;
		};
/* End PBXSourcesBuildPhase section */

/* Begin PBXVariantGroup section */
		05587CF920E9CF9C003AE8B6 /* Main.storyboard */ = {
			isa = PBXVariantGroup;
			children = (
				05587CFA20E9CF9C003AE8B6 /* Base */,
			);
			name = Main.storyboard;
			sourceTree = "<group>";
		};
		05587CFE20E9CF9D003AE8B6 /* LaunchScreen.storyboard */ = {
			isa = PBXVariantGroup;
			children = (
				05587CFF20E9CF9D003AE8B6 /* Base */,
			);
			name = LaunchScreen.storyboard;
			sourceTree = "<group>";
		};
/* End PBXVariantGroup section */

/* Begin XCBuildConfiguration section */
		05587D0220E9CF9D003AE8B6 /* Debug */ = {
			isa = XCBuildConfiguration;
			buildSettings = {
				ALWAYS_SEARCH_USER_PATHS = NO;
				CLANG_ANALYZER_NONNULL = YES;
				CLANG_ANALYZER_NUMBER_OBJECT_CONVERSION = YES_AGGRESSIVE;
				CLANG_CXX_LANGUAGE_STANDARD = "gnu++14";
				CLANG_CXX_LIBRARY = "libc++";
				CLANG_ENABLE_MODULES = YES;
				CLANG_ENABLE_OBJC_ARC = YES;
				CLANG_ENABLE_OBJC_WEAK = YES;
				CLANG_WARN_BLOCK_CAPTURE_AUTORELEASING = YES;
				CLANG_WARN_BOOL_CONVERSION = YES;
				CLANG_WARN_COMMA = YES;
				CLANG_WARN_CONSTANT_CONVERSION = YES;
				CLANG_WARN_DEPRECATED_OBJC_IMPLEMENTATIONS = YES;
				CLANG_WARN_DIRECT_OBJC_ISA_USAGE = YES_ERROR;
				CLANG_WARN_DOCUMENTATION_COMMENTS = YES;
				CLANG_WARN_EMPTY_BODY = YES;
				CLANG_WARN_ENUM_CONVERSION = YES;
				CLANG_WARN_INFINITE_RECURSION = YES;
				CLANG_WARN_INT_CONVERSION = YES;
				CLANG_WARN_NON_LITERAL_NULL_CONVERSION = YES;
				CLANG_WARN_OBJC_IMPLICIT_RETAIN_SELF = YES;
				CLANG_WARN_OBJC_LITERAL_CONVERSION = YES;
				CLANG_WARN_OBJC_ROOT_CLASS = YES_ERROR;
				CLANG_WARN_RANGE_LOOP_ANALYSIS = YES;
				CLANG_WARN_STRICT_PROTOTYPES = YES;
				CLANG_WARN_SUSPICIOUS_MOVE = YES;
				CLANG_WARN_UNGUARDED_AVAILABILITY = YES_AGGRESSIVE;
				CLANG_WARN_UNREACHABLE_CODE = YES;
				CLANG_WARN__DUPLICATE_METHOD_MATCH = YES;
				CODE_SIGN_IDENTITY = "iPhone Developer";
				COPY_PHASE_STRIP = NO;
				DEBUG_INFORMATION_FORMAT = dwarf;
				ENABLE_STRICT_OBJC_MSGSEND = YES;
				ENABLE_TESTABILITY = YES;
				GCC_C_LANGUAGE_STANDARD = gnu11;
				GCC_DYNAMIC_NO_PIC = NO;
				GCC_NO_COMMON_BLOCKS = YES;
				GCC_OPTIMIZATION_LEVEL = 0;
				GCC_PREPROCESSOR_DEFINITIONS = (
					"DEBUG=1",
					"$(inherited)",
				);
				GCC_WARN_64_TO_32_BIT_CONVERSION = YES;
				GCC_WARN_ABOUT_RETURN_TYPE = YES_ERROR;
				GCC_WARN_UNDECLARED_SELECTOR = YES;
				GCC_WARN_UNINITIALIZED_AUTOS = YES_AGGRESSIVE;
				GCC_WARN_UNUSED_FUNCTION = YES;
				GCC_WARN_UNUSED_VARIABLE = YES;
				IPHONEOS_DEPLOYMENT_TARGET = 11.4;
				MTL_ENABLE_DEBUG_INFO = YES;
				ONLY_ACTIVE_ARCH = YES;
				SDKROOT = iphoneos;
				SWIFT_ACTIVE_COMPILATION_CONDITIONS = DEBUG;
				SWIFT_OPTIMIZATION_LEVEL = "-Onone";
			};
			name = Debug;
		};
		05587D0320E9CF9D003AE8B6 /* Release */ = {
			isa = XCBuildConfiguration;
			buildSettings = {
				ALWAYS_SEARCH_USER_PATHS = NO;
				CLANG_ANALYZER_NONNULL = YES;
				CLANG_ANALYZER_NUMBER_OBJECT_CONVERSION = YES_AGGRESSIVE;
				CLANG_CXX_LANGUAGE_STANDARD = "gnu++14";
				CLANG_CXX_LIBRARY = "libc++";
				CLANG_ENABLE_MODULES = YES;
				CLANG_ENABLE_OBJC_ARC = YES;
				CLANG_ENABLE_OBJC_WEAK = YES;
				CLANG_WARN_BLOCK_CAPTURE_AUTORELEASING = YES;
				CLANG_WARN_BOOL_CONVERSION = YES;
				CLANG_WARN_COMMA = YES;
				CLANG_WARN_CONSTANT_CONVERSION = YES;
				CLANG_WARN_DEPRECATED_OBJC_IMPLEMENTATIONS = YES;
				CLANG_WARN_DIRECT_OBJC_ISA_USAGE = YES_ERROR;
				CLANG_WARN_DOCUMENTATION_COMMENTS = YES;
				CLANG_WARN_EMPTY_BODY = YES;
				CLANG_WARN_ENUM_CONVERSION = YES;
				CLANG_WARN_INFINITE_RECURSION = YES;
				CLANG_WARN_INT_CONVERSION = YES;
				CLANG_WARN_NON_LITERAL_NULL_CONVERSION = YES;
				CLANG_WARN_OBJC_IMPLICIT_RETAIN_SELF = YES;
				CLANG_WARN_OBJC_LITERAL_CONVERSION = YES;
				CLANG_WARN_OBJC_ROOT_CLASS = YES_ERROR;
				CLANG_WARN_RANGE_LOOP_ANALYSIS = YES;
				CLANG_WARN_STRICT_PROTOTYPES = YES;
				CLANG_WARN_SUSPICIOUS_MOVE = YES;
				CLANG_WARN_UNGUARDED_AVAILABILITY = YES_AGGRESSIVE;
				CLANG_WARN_UNREACHABLE_CODE = YES;
				CLANG_WARN__DUPLICATE_METHOD_MATCH = YES;
				CODE_SIGN_IDENTITY = "iPhone Developer";
				COPY_PHASE_STRIP = NO;
				DEBUG_INFORMATION_FORMAT = "dwarf-with-dsym";
				ENABLE_NS_ASSERTIONS = NO;
				ENABLE_STRICT_OBJC_MSGSEND = YES;
				GCC_C_LANGUAGE_STANDARD = gnu11;
				GCC_NO_COMMON_BLOCKS = YES;
				GCC_WARN_64_TO_32_BIT_CONVERSION = YES;
				GCC_WARN_ABOUT_RETURN_TYPE = YES_ERROR;
				GCC_WARN_UNDECLARED_SELECTOR = YES;
				GCC_WARN_UNINITIALIZED_AUTOS = YES_AGGRESSIVE;
				GCC_WARN_UNUSED_FUNCTION = YES;
				GCC_WARN_UNUSED_VARIABLE = YES;
				IPHONEOS_DEPLOYMENT_TARGET = 11.4;
				MTL_ENABLE_DEBUG_INFO = NO;
				SDKROOT = iphoneos;
				SWIFT_COMPILATION_MODE = wholemodule;
				SWIFT_OPTIMIZATION_LEVEL = "-O";
				VALIDATE_PRODUCT = YES;
			};
			name = Release;
		};
		05587D0520E9CF9D003AE8B6 /* Debug */ = {
			isa = XCBuildConfiguration;
			buildSettings = {
				ASSETCATALOG_COMPILER_APPICON_NAME = AppIcon;
				CODE_SIGN_STYLE = Automatic;
				DEVELOPMENT_TEAM = WBM58B7626;
				INFOPLIST_FILE = Example3/Info.plist;
				LD_RUNPATH_SEARCH_PATHS = (
					"$(inherited)",
					"@executable_path/Frameworks",
				);
				PRODUCT_BUNDLE_IDENTIFIER = kr.ac.dit.Example3;
				PRODUCT_NAME = "$(TARGET_NAME)";
				SWIFT_VERSION = 4.0;
				TARGETED_DEVICE_FAMILY = "1,2";
			};
			name = Debug;
		};
		05587D0620E9CF9D003AE8B6 /* Release */ = {
			isa = XCBuildConfiguration;
			buildSettings = {
				ASSETCATALOG_COMPILER_APPICON_NAME = AppIcon;
				CODE_SIGN_STYLE = Automatic;
				DEVELOPMENT_TEAM = WBM58B7626;
				INFOPLIST_FILE = Example3/Info.plist;
				LD_RUNPATH_SEARCH_PATHS = (
					"$(inherited)",
					"@executable_path/Frameworks",
				);
				PRODUCT_BUNDLE_IDENTIFIER = kr.ac.dit.Example3;
				PRODUCT_NAME = "$(TARGET_NAME)";
				SWIFT_VERSION = 4.0;
				TARGETED_DEVICE_FAMILY = "1,2";
			};
			name = Release;
		};
/* End XCBuildConfiguration section */

/* Begin XCConfigurationList section */
		05587CED20E9CF9C003AE8B6 /* Build configuration list for PBXProject "Example3" */ = {
			isa = XCConfigurationList;
			buildConfigurations = (
				05587D0220E9CF9D003AE8B6 /* Debug */,
				05587D0320E9CF9D003AE8B6 /* Release */,
			);
			defaultConfigurationIsVisible = 0;
			defaultConfigurationName = Release;
		};
		05587D0420E9CF9D003AE8B6 /* Build configuration list for PBXNativeTarget "Example3" */ = {
			isa = XCConfigurationList;
			buildConfigurations = (
				05587D0520E9CF9D003AE8B6 /* Debug */,
				05587D0620E9CF9D003AE8B6 /* Release */,
			);
			defaultConfigurationIsVisible = 0;
			defaultConfigurationName = Release;
		};
/* End XCConfigurationList section */
	};
	rootObject = 05587CEA20E9CF9C003AE8B6 /* Project object */;
}
