// !$*UTF8*$!
{
	archiveVersion = 1;
	classes = {
	};
	objectVersion = 50;
	objects = {

/* Begin PBXBuildFile section */
		05CE988220E9E7E700854EA7 /* AppDelegate.swift in Sources */ = {isa = PBXBuildFile; fileRef = 05CE988120E9E7E700854EA7 /* AppDelegate.swift */; };
		05CE988420E9E7E700854EA7 /* ViewController.swift in Sources */ = {isa = PBXBuildFile; fileRef = 05CE988320E9E7E700854EA7 /* ViewController.swift */; };
		05CE988720E9E7E700854EA7 /* Main.storyboard in Resources */ = {isa = PBXBuildFile; fileRef = 05CE988520E9E7E700854EA7 /* Main.storyboard */; };
		05CE988920E9E7E700854EA7 /* Assets.xcassets in Resources */ = {isa = PBXBuildFile; fileRef = 05CE988820E9E7E700854EA7 /* Assets.xcassets */; };
		05CE988C20E9E7E700854EA7 /* LaunchScreen.storyboard in Resources */ = {isa = PBXBuildFile; fileRef = 05CE988A20E9E7E700854EA7 /* LaunchScreen.storyboard */; };
		4F5FA9FEA710017ABD43A05C /* Pods_Example4.framework in Frameworks */ = {isa = PBXBuildFile; fileRef = 1182526BB98A254EA58D41CB /* Pods_Example4.framework */; };
/* End PBXBuildFile section */

/* Begin PBXFileReference section */
		05CE987E20E9E7E600854EA7 /* Example4.app */ = {isa = PBXFileReference; explicitFileType = wrapper.application; includeInIndex = 0; path = Example4.app; sourceTree = BUILT_PRODUCTS_DIR; };
		05CE988120E9E7E700854EA7 /* AppDelegate.swift */ = {isa = PBXFileReference; lastKnownFileType = sourcecode.swift; path = AppDelegate.swift; sourceTree = "<group>"; };
		05CE988320E9E7E700854EA7 /* ViewController.swift */ = {isa = PBXFileReference; lastKnownFileType = sourcecode.swift; path = ViewController.swift; sourceTree = "<group>"; };
		05CE988620E9E7E700854EA7 /* Base */ = {isa = PBXFileReference; lastKnownFileType = file.storyboard; name = Base; path = Base.lproj/Main.storyboard; sourceTree = "<group>"; };
		05CE988820E9E7E700854EA7 /* Assets.xcassets */ = {isa = PBXFileReference; lastKnownFileType = folder.assetcatalog; path = Assets.xcassets; sourceTree = "<group>"; };
		05CE988B20E9E7E700854EA7 /* Base */ = {isa = PBXFileReference; lastKnownFileType = file.storyboard; name = Base; path = Base.lproj/LaunchScreen.storyboard; sourceTree = "<group>"; };
		05CE988D20E9E7E700854EA7 /* Info.plist */ = {isa = PBXFileReference; lastKnownFileType = text.plist.xml; path = Info.plist; sourceTree = "<group>"; };
		1182526BB98A254EA58D41CB /* Pods_Example4.framework */ = {isa = PBXFileReference; explicitFileType = wrapper.framework; includeInIndex = 0; path = Pods_Example4.framework; sourceTree = BUILT_PRODUCTS_DIR; };
		19CB95F5B4535E4F940A6B2F /* Pods-Example4.debug.xcconfig */ = {isa = PBXFileReference; includeInIndex = 1; lastKnownFileType = text.xcconfig; name = "Pods-Example4.debug.xcconfig"; path = "Pods/Target Support Files/Pods-Example4/Pods-Example4.debug.xcconfig"; sourceTree = "<group>"; };
		A44B13A29BF6F5731B9BB5F3 /* Pods-Example4.release.xcconfig */ = {isa = PBXFileReference; includeInIndex = 1; lastKnownFileType = text.xcconfig; name = "Pods-Example4.release.xcconfig"; path = "Pods/Target Support Files/Pods-Example4/Pods-Example4.release.xcconfig"; sourceTree = "<group>"; };
/* End PBXFileReference section */

/* Begin PBXFrameworksBuildPhase section */
		05CE987B20E9E7E600854EA7 /* Frameworks */ = {
			isa = PBXFrameworksBuildPhase;
			buildActionMask = 2147483647;
			files = (
				4F5FA9FEA710017ABD43A05C /* Pods_Example4.framework in Frameworks */,
			);
			runOnlyForDeploymentPostprocessing = 0;
		};
/* End PBXFrameworksBuildPhase section */

/* Begin PBXGroup section */
		05CE987520E9E7E600854EA7 = {
			isa = PBXGroup;
			children = (
				05CE988020E9E7E600854EA7 /* Example4 */,
				05CE987F20E9E7E600854EA7 /* Products */,
				EB394AA13C338E758C3C6C41 /* Pods */,
				6ADF2C233704B8A5A5E9A796 /* Frameworks */,
			);
			sourceTree = "<group>";
		};
		05CE987F20E9E7E600854EA7 /* Products */ = {
			isa = PBXGroup;
			children = (
				05CE987E20E9E7E600854EA7 /* Example4.app */,
			);
			name = Products;
			sourceTree = "<group>";
		};
		05CE988020E9E7E600854EA7 /* Example4 */ = {
			isa = PBXGroup;
			children = (
				05CE988120E9E7E700854EA7 /* AppDelegate.swift */,
				05CE988320E9E7E700854EA7 /* ViewController.swift */,
				05CE988520E9E7E700854EA7 /* Main.storyboard */,
				05CE988820E9E7E700854EA7 /* Assets.xcassets */,
				05CE988A20E9E7E700854EA7 /* LaunchScreen.storyboard */,
				05CE988D20E9E7E700854EA7 /* Info.plist */,
			);
			path = Example4;
			sourceTree = "<group>";
		};
		6ADF2C233704B8A5A5E9A796 /* Frameworks */ = {
			isa = PBXGroup;
			children = (
				1182526BB98A254EA58D41CB /* Pods_Example4.framework */,
			);
			name = Frameworks;
			sourceTree = "<group>";
		};
		EB394AA13C338E758C3C6C41 /* Pods */ = {
			isa = PBXGroup;
			children = (
				19CB95F5B4535E4F940A6B2F /* Pods-Example4.debug.xcconfig */,
				A44B13A29BF6F5731B9BB5F3 /* Pods-Example4.release.xcconfig */,
			);
			name = Pods;
			sourceTree = "<group>";
		};
/* End PBXGroup section */

/* Begin PBXNativeTarget section */
		05CE987D20E9E7E600854EA7 /* Example4 */ = {
			isa = PBXNativeTarget;
			buildConfigurationList = 05CE989020E9E7E700854EA7 /* Build configuration list for PBXNativeTarget "Example4" */;
			buildPhases = (
				C0E2CC03A439D7894042281B /* [CP] Check Pods Manifest.lock */,
				05CE987A20E9E7E600854EA7 /* Sources */,
				05CE987B20E9E7E600854EA7 /* Frameworks */,
				05CE987C20E9E7E600854EA7 /* Resources */,
				51035F80E3CA27068C7670C1 /* [CP] Embed Pods Frameworks */,
			);
			buildRules = (
			);
			dependencies = (
			);
			name = Example4;
			productName = Example4;
			productReference = 05CE987E20E9E7E600854EA7 /* Example4.app */;
			productType = "com.apple.product-type.application";
		};
/* End PBXNativeTarget section */

/* Begin PBXProject section */
		05CE987620E9E7E600854EA7 /* Project object */ = {
			isa = PBXProject;
			attributes = {
				LastSwiftUpdateCheck = 0940;
				LastUpgradeCheck = 0940;
				ORGANIZATIONNAME = "김종현";
				TargetAttributes = {
					05CE987D20E9E7E600854EA7 = {
						CreatedOnToolsVersion = 9.4.1;
					};
				};
			};
			buildConfigurationList = 05CE987920E9E7E600854EA7 /* Build configuration list for PBXProject "Example4" */;
			compatibilityVersion = "Xcode 9.3";
			developmentRegion = en;
			hasScannedForEncodings = 0;
			knownRegions = (
				en,
				Base,
			);
			mainGroup = 05CE987520E9E7E600854EA7;
			productRefGroup = 05CE987F20E9E7E600854EA7 /* Products */;
			projectDirPath = "";
			projectRoot = "";
			targets = (
				05CE987D20E9E7E600854EA7 /* Example4 */,
			);
		};
/* End PBXProject section */

/* Begin PBXResourcesBuildPhase section */
		05CE987C20E9E7E600854EA7 /* Resources */ = {
			isa = PBXResourcesBuildPhase;
			buildActionMask = 2147483647;
			files = (
				05CE988C20E9E7E700854EA7 /* LaunchScreen.storyboard in Resources */,
				05CE988920E9E7E700854EA7 /* Assets.xcassets in Resources */,
				05CE988720E9E7E700854EA7 /* Main.storyboard in Resources */,
			);
			runOnlyForDeploymentPostprocessing = 0;
		};
/* End PBXResourcesBuildPhase section */

/* Begin PBXShellScriptBuildPhase section */
		51035F80E3CA27068C7670C1 /* [CP] Embed Pods Frameworks */ = {
			isa = PBXShellScriptBuildPhase;
			buildActionMask = 2147483647;
			files = (
			);
			inputPaths = (
				"${SRCROOT}/Pods/Target Support Files/Pods-Example4/Pods-Example4-frameworks.sh",
				"${BUILT_PRODUCTS_DIR}/CVCalendar/CVCalendar.framework",
			);
			name = "[CP] Embed Pods Frameworks";
			outputPaths = (
				"${TARGET_BUILD_DIR}/${FRAMEWORKS_FOLDER_PATH}/CVCalendar.framework",
			);
			runOnlyForDeploymentPostprocessing = 0;
			shellPath = /bin/sh;
			shellScript = "\"${SRCROOT}/Pods/Target Support Files/Pods-Example4/Pods-Example4-frameworks.sh\"\n";
			showEnvVarsInLog = 0;
		};
		C0E2CC03A439D7894042281B /* [CP] Check Pods Manifest.lock */ = {
			isa = PBXShellScriptBuildPhase;
			buildActionMask = 2147483647;
			files = (
			);
			inputPaths = (
				"${PODS_PODFILE_DIR_PATH}/Podfile.lock",
				"${PODS_ROOT}/Manifest.lock",
			);
			name = "[CP] Check Pods Manifest.lock";
			outputPaths = (
				"$(DERIVED_FILE_DIR)/Pods-Example4-checkManifestLockResult.txt",
			);
			runOnlyForDeploymentPostprocessing = 0;
			shellPath = /bin/sh;
			shellScript = "diff \"${PODS_PODFILE_DIR_PATH}/Podfile.lock\" \"${PODS_ROOT}/Manifest.lock\" > /dev/null\nif [ $? != 0 ] ; then\n    # print error to STDERR\n    echo \"error: The sandbox is not in sync with the Podfile.lock. Run 'pod install' or update your CocoaPods installation.\" >&2\n    exit 1\nfi\n# This output is used by Xcode 'outputs' to avoid re-running this script phase.\necho \"SUCCESS\" > \"${SCRIPT_OUTPUT_FILE_0}\"\n";
			showEnvVarsInLog = 0;
		};
/* End PBXShellScriptBuildPhase section */

/* Begin PBXSourcesBuildPhase section */
		05CE987A20E9E7E600854EA7 /* Sources */ = {
			isa = PBXSourcesBuildPhase;
			buildActionMask = 2147483647;
			files = (
				05CE988420E9E7E700854EA7 /* ViewController.swift in Sources */,
				05CE988220E9E7E700854EA7 /* AppDelegate.swift in Sources */,
			);
			runOnlyForDeploymentPostprocessing = 0;
		};
/* End PBXSourcesBuildPhase section */

/* Begin PBXVariantGroup section */
		05CE988520E9E7E700854EA7 /* Main.storyboard */ = {
			isa = PBXVariantGroup;
			children = (
				05CE988620E9E7E700854EA7 /* Base */,
			);
			name = Main.storyboard;
			sourceTree = "<group>";
		};
		05CE988A20E9E7E700854EA7 /* LaunchScreen.storyboard */ = {
			isa = PBXVariantGroup;
			children = (
				05CE988B20E9E7E700854EA7 /* Base */,
			);
			name = LaunchScreen.storyboard;
			sourceTree = "<group>";
		};
/* End PBXVariantGroup section */

/* Begin XCBuildConfiguration section */
		05CE988E20E9E7E700854EA7 /* Debug */ = {
			isa = XCBuildConfiguration;
			buildSettings = {
				ALWAYS_SEARCH_USER_PATHS = NO;
				CLANG_ANALYZER_NONNULL = YES;
				CLANG_ANALYZER_NUMBER_OBJECT_CONVERSION = YES_AGGRESSIVE;
				CLANG_CXX_LANGUAGE_STANDARD = "gnu++14";
				CLANG_CXX_LIBRARY = "libc++";
				CLANG_ENABLE_MODULES = YES;
				CLANG_ENABLE_OBJC_ARC = YES;
				CLANG_ENABLE_OBJC_WEAK = YES;
				CLANG_WARN_BLOCK_CAPTURE_AUTORELEASING = YES;
				CLANG_WARN_BOOL_CONVERSION = YES;
				CLANG_WARN_COMMA = YES;
				CLANG_WARN_CONSTANT_CONVERSION = YES;
				CLANG_WARN_DEPRECATED_OBJC_IMPLEMENTATIONS = YES;
				CLANG_WARN_DIRECT_OBJC_ISA_USAGE = YES_ERROR;
				CLANG_WARN_DOCUMENTATION_COMMENTS = YES;
				CLANG_WARN_EMPTY_BODY = YES;
				CLANG_WARN_ENUM_CONVERSION = YES;
				CLANG_WARN_INFINITE_RECURSION = YES;
				CLANG_WARN_INT_CONVERSION = YES;
				CLANG_WARN_NON_LITERAL_NULL_CONVERSION = YES;
				CLANG_WARN_OBJC_IMPLICIT_RETAIN_SELF = YES;
				CLANG_WARN_OBJC_LITERAL_CONVERSION = YES;
				CLANG_WARN_OBJC_ROOT_CLASS = YES_ERROR;
				CLANG_WARN_RANGE_LOOP_ANALYSIS = YES;
				CLANG_WARN_STRICT_PROTOTYPES = YES;
				CLANG_WARN_SUSPICIOUS_MOVE = YES;
				CLANG_WARN_UNGUARDED_AVAILABILITY = YES_AGGRESSIVE;
				CLANG_WARN_UNREACHABLE_CODE = YES;
				CLANG_WARN__DUPLICATE_METHOD_MATCH = YES;
				CODE_SIGN_IDENTITY = "iPhone Developer";
				COPY_PHASE_STRIP = NO;
				DEBUG_INFORMATION_FORMAT = dwarf;
				ENABLE_STRICT_OBJC_MSGSEND = YES;
				ENABLE_TESTABILITY = YES;
				GCC_C_LANGUAGE_STANDARD = gnu11;
				GCC_DYNAMIC_NO_PIC = NO;
				GCC_NO_COMMON_BLOCKS = YES;
				GCC_OPTIMIZATION_LEVEL = 0;
				GCC_PREPROCESSOR_DEFINITIONS = (
					"DEBUG=1",
					"$(inherited)",
				);
				GCC_WARN_64_TO_32_BIT_CONVERSION = YES;
				GCC_WARN_ABOUT_RETURN_TYPE = YES_ERROR;
				GCC_WARN_UNDECLARED_SELECTOR = YES;
				GCC_WARN_UNINITIALIZED_AUTOS = YES_AGGRESSIVE;
				GCC_WARN_UNUSED_FUNCTION = YES;
				GCC_WARN_UNUSED_VARIABLE = YES;
				IPHONEOS_DEPLOYMENT_TARGET = 11.4;
				MTL_ENABLE_DEBUG_INFO = YES;
				ONLY_ACTIVE_ARCH = YES;
				SDKROOT = iphoneos;
				SWIFT_ACTIVE_COMPILATION_CONDITIONS = DEBUG;
				SWIFT_OPTIMIZATION_LEVEL = "-Onone";
			};
			name = Debug;
		};
		05CE988F20E9E7E700854EA7 /* Release */ = {
			isa = XCBuildConfiguration;
			buildSettings = {
				ALWAYS_SEARCH_USER_PATHS = NO;
				CLANG_ANALYZER_NONNULL = YES;
				CLANG_ANALYZER_NUMBER_OBJECT_CONVERSION = YES_AGGRESSIVE;
				CLANG_CXX_LANGUAGE_STANDARD = "gnu++14";
				CLANG_CXX_LIBRARY = "libc++";
				CLANG_ENABLE_MODULES = YES;
				CLANG_ENABLE_OBJC_ARC = YES;
				CLANG_ENABLE_OBJC_WEAK = YES;
				CLANG_WARN_BLOCK_CAPTURE_AUTORELEASING = YES;
				CLANG_WARN_BOOL_CONVERSION = YES;
				CLANG_WARN_COMMA = YES;
				CLANG_WARN_CONSTANT_CONVERSION = YES;
				CLANG_WARN_DEPRECATED_OBJC_IMPLEMENTATIONS = YES;
				CLANG_WARN_DIRECT_OBJC_ISA_USAGE = YES_ERROR;
				CLANG_WARN_DOCUMENTATION_COMMENTS = YES;
				CLANG_WARN_EMPTY_BODY = YES;
				CLANG_WARN_ENUM_CONVERSION = YES;
				CLANG_WARN_INFINITE_RECURSION = YES;
				CLANG_WARN_INT_CONVERSION = YES;
				CLANG_WARN_NON_LITERAL_NULL_CONVERSION = YES;
				CLANG_WARN_OBJC_IMPLICIT_RETAIN_SELF = YES;
				CLANG_WARN_OBJC_LITERAL_CONVERSION = YES;
				CLANG_WARN_OBJC_ROOT_CLASS = YES_ERROR;
				CLANG_WARN_RANGE_LOOP_ANALYSIS = YES;
				CLANG_WARN_STRICT_PROTOTYPES = YES;
				CLANG_WARN_SUSPICIOUS_MOVE = YES;
				CLANG_WARN_UNGUARDED_AVAILABILITY = YES_AGGRESSIVE;
				CLANG_WARN_UNREACHABLE_CODE = YES;
				CLANG_WARN__DUPLICATE_METHOD_MATCH = YES;
				CODE_SIGN_IDENTITY = "iPhone Developer";
				COPY_PHASE_STRIP = NO;
				DEBUG_INFORMATION_FORMAT = "dwarf-with-dsym";
				ENABLE_NS_ASSERTIONS = NO;
				ENABLE_STRICT_OBJC_MSGSEND = YES;
				GCC_C_LANGUAGE_STANDARD = gnu11;
				GCC_NO_COMMON_BLOCKS = YES;
				GCC_WARN_64_TO_32_BIT_CONVERSION = YES;
				GCC_WARN_ABOUT_RETURN_TYPE = YES_ERROR;
				GCC_WARN_UNDECLARED_SELECTOR = YES;
				GCC_WARN_UNINITIALIZED_AUTOS = YES_AGGRESSIVE;
				GCC_WARN_UNUSED_FUNCTION = YES;
				GCC_WARN_UNUSED_VARIABLE = YES;
				IPHONEOS_DEPLOYMENT_TARGET = 11.4;
				MTL_ENABLE_DEBUG_INFO = NO;
				SDKROOT = iphoneos;
				SWIFT_COMPILATION_MODE = wholemodule;
				SWIFT_OPTIMIZATION_LEVEL = "-O";
				VALIDATE_PRODUCT = YES;
			};
			name = Release;
		};
		05CE989120E9E7E700854EA7 /* Debug */ = {
			isa = XCBuildConfiguration;
			baseConfigurationReference = 19CB95F5B4535E4F940A6B2F /* Pods-Example4.debug.xcconfig */;
			buildSettings = {
				ASSETCATALOG_COMPILER_APPICON_NAME = AppIcon;
				CODE_SIGN_STYLE = Automatic;
				DEVELOPMENT_TEAM = WBM58B7626;
				INFOPLIST_FILE = Example4/Info.plist;
				LD_RUNPATH_SEARCH_PATHS = (
					"$(inherited)",
					"@executable_path/Frameworks",
				);
				PRODUCT_BUNDLE_IDENTIFIER = kr.ac.dit.Example4;
				PRODUCT_NAME = "$(TARGET_NAME)";
				SWIFT_VERSION = 4.0;
				TARGETED_DEVICE_FAMILY = "1,2";
			};
			name = Debug;
		};
		05CE989220E9E7E700854EA7 /* Release */ = {
			isa = XCBuildConfiguration;
			baseConfigurationReference = A44B13A29BF6F5731B9BB5F3 /* Pods-Example4.release.xcconfig */;
			buildSettings = {
				ASSETCATALOG_COMPILER_APPICON_NAME = AppIcon;
				CODE_SIGN_STYLE = Automatic;
				DEVELOPMENT_TEAM = WBM58B7626;
				INFOPLIST_FILE = Example4/Info.plist;
				LD_RUNPATH_SEARCH_PATHS = (
					"$(inherited)",
					"@executable_path/Frameworks",
				);
				PRODUCT_BUNDLE_IDENTIFIER = kr.ac.dit.Example4;
				PRODUCT_NAME = "$(TARGET_NAME)";
				SWIFT_VERSION = 4.0;
				TARGETED_DEVICE_FAMILY = "1,2";
			};
			name = Release;
		};
/* End XCBuildConfiguration section */

/* Begin XCConfigurationList section */
		05CE987920E9E7E600854EA7 /* Build configuration list for PBXProject "Example4" */ = {
			isa = XCConfigurationList;
			buildConfigurations = (
				05CE988E20E9E7E700854EA7 /* Debug */,
				05CE988F20E9E7E700854EA7 /* Release */,
			);
			defaultConfigurationIsVisible = 0;
			defaultConfigurationName = Release;
		};
		05CE989020E9E7E700854EA7 /* Build configuration list for PBXNativeTarget "Example4" */ = {
			isa = XCConfigurationList;
			buildConfigurations = (
				05CE989120E9E7E700854EA7 /* Debug */,
				05CE989220E9E7E700854EA7 /* Release */,
			);
			defaultConfigurationIsVisible = 0;
			defaultConfigurationName = Release;
		};
/* End XCConfigurationList section */
	};
	rootObject = 05CE987620E9E7E600854EA7 /* Project object */;
}
