// !$*UTF8*$!
{
	archiveVersion = 1;
	classes = {
	};
	objectVersion = 48;
	objects = {

/* Begin PBXBuildFile section */
		0561495820EB4758001A3269 /* AppDelegate.swift in Sources */ = {isa = PBXBuildFile; fileRef = 0561495720EB4758001A3269 /* AppDelegate.swift */; };
		0561495A20EB4758001A3269 /* ViewController.swift in Sources */ = {isa = PBXBuildFile; fileRef = 0561495920EB4758001A3269 /* ViewController.swift */; };
		0561495D20EB4758001A3269 /* Main.storyboard in Resources */ = {isa = PBXBuildFile; fileRef = 0561495B20EB4758001A3269 /* Main.storyboard */; };
		0561495F20EB4758001A3269 /* Assets.xcassets in Resources */ = {isa = PBXBuildFile; fileRef = 0561495E20EB4758001A3269 /* Assets.xcassets */; };
		0561496220EB4758001A3269 /* LaunchScreen.storyboard in Resources */ = {isa = PBXBuildFile; fileRef = 0561496020EB4758001A3269 /* LaunchScreen.storyboard */; };
		82C48DFED1CD94868CE694A6 /* Pods_Example7.framework in Frameworks */ = {isa = PBXBuildFile; fileRef = CFC0935E344C0870F615299C /* Pods_Example7.framework */; };
/* End PBXBuildFile section */

/* Begin PBXFileReference section */
		0561495420EB4758001A3269 /* Example7.app */ = {isa = PBXFileReference; explicitFileType = wrapper.application; includeInIndex = 0; path = Example7.app; sourceTree = BUILT_PRODUCTS_DIR; };
		0561495720EB4758001A3269 /* AppDelegate.swift */ = {isa = PBXFileReference; lastKnownFileType = sourcecode.swift; path = AppDelegate.swift; sourceTree = "<group>"; };
		0561495920EB4758001A3269 /* ViewController.swift */ = {isa = PBXFileReference; lastKnownFileType = sourcecode.swift; path = ViewController.swift; sourceTree = "<group>"; };
		0561495C20EB4758001A3269 /* Base */ = {isa = PBXFileReference; lastKnownFileType = file.storyboard; name = Base; path = Base.lproj/Main.storyboard; sourceTree = "<group>"; };
		0561495E20EB4758001A3269 /* Assets.xcassets */ = {isa = PBXFileReference; lastKnownFileType = folder.assetcatalog; path = Assets.xcassets; sourceTree = "<group>"; };
		0561496120EB4758001A3269 /* Base */ = {isa = PBXFileReference; lastKnownFileType = file.storyboard; name = Base; path = Base.lproj/LaunchScreen.storyboard; sourceTree = "<group>"; };
		0561496320EB4758001A3269 /* Info.plist */ = {isa = PBXFileReference; lastKnownFileType = text.plist.xml; path = Info.plist; sourceTree = "<group>"; };
		239E33BCC93246EDBAB94992 /* Pods-Example7.release.xcconfig */ = {isa = PBXFileReference; includeInIndex = 1; lastKnownFileType = text.xcconfig; name = "Pods-Example7.release.xcconfig"; path = "Pods/Target Support Files/Pods-Example7/Pods-Example7.release.xcconfig"; sourceTree = "<group>"; };
		8C861C0CEF250401913272D4 /* Pods-Example7.debug.xcconfig */ = {isa = PBXFileReference; includeInIndex = 1; lastKnownFileType = text.xcconfig; name = "Pods-Example7.debug.xcconfig"; path = "Pods/Target Support Files/Pods-Example7/Pods-Example7.debug.xcconfig"; sourceTree = "<group>"; };
		CFC0935E344C0870F615299C /* Pods_Example7.framework */ = {isa = PBXFileReference; explicitFileType = wrapper.framework; includeInIndex = 0; path = Pods_Example7.framework; sourceTree = BUILT_PRODUCTS_DIR; };
/* End PBXFileReference section */

/* Begin PBXFrameworksBuildPhase section */
		0561495120EB4758001A3269 /* Frameworks */ = {
			isa = PBXFrameworksBuildPhase;
			buildActionMask = 2147483647;
			files = (
				82C48DFED1CD94868CE694A6 /* Pods_Example7.framework in Frameworks */,
			);
			runOnlyForDeploymentPostprocessing = 0;
		};
/* End PBXFrameworksBuildPhase section */

/* Begin PBXGroup section */
		0561494B20EB4758001A3269 = {
			isa = PBXGroup;
			children = (
				0561495620EB4758001A3269 /* Example7 */,
				0561495520EB4758001A3269 /* Products */,
				D993B25ED8D7069D815B9144 /* Pods */,
				187FFFEA6069022BA4345C1D /* Frameworks */,
			);
			sourceTree = "<group>";
		};
		0561495520EB4758001A3269 /* Products */ = {
			isa = PBXGroup;
			children = (
				0561495420EB4758001A3269 /* Example7.app */,
			);
			name = Products;
			sourceTree = "<group>";
		};
		0561495620EB4758001A3269 /* Example7 */ = {
			isa = PBXGroup;
			children = (
				0561495720EB4758001A3269 /* AppDelegate.swift */,
				0561495920EB4758001A3269 /* ViewController.swift */,
				0561495B20EB4758001A3269 /* Main.storyboard */,
				0561495E20EB4758001A3269 /* Assets.xcassets */,
				0561496020EB4758001A3269 /* LaunchScreen.storyboard */,
				0561496320EB4758001A3269 /* Info.plist */,
			);
			path = Example7;
			sourceTree = "<group>";
		};
		187FFFEA6069022BA4345C1D /* Frameworks */ = {
			isa = PBXGroup;
			children = (
				CFC0935E344C0870F615299C /* Pods_Example7.framework */,
			);
			name = Frameworks;
			sourceTree = "<group>";
		};
		D993B25ED8D7069D815B9144 /* Pods */ = {
			isa = PBXGroup;
			children = (
				8C861C0CEF250401913272D4 /* Pods-Example7.debug.xcconfig */,
				239E33BCC93246EDBAB94992 /* Pods-Example7.release.xcconfig */,
			);
			name = Pods;
			sourceTree = "<group>";
		};
/* End PBXGroup section */

/* Begin PBXNativeTarget section */
		0561495320EB4758001A3269 /* Example7 */ = {
			isa = PBXNativeTarget;
			buildConfigurationList = 0561496620EB4758001A3269 /* Build configuration list for PBXNativeTarget "Example7" */;
			buildPhases = (
				8C210054F93B296B2DF5A87D /* [CP] Check Pods Manifest.lock */,
				0561495020EB4758001A3269 /* Sources */,
				0561495120EB4758001A3269 /* Frameworks */,
				0561495220EB4758001A3269 /* Resources */,
				1613082102DABEF69F785DB9 /* [CP] Embed Pods Frameworks */,
			);
			buildRules = (
			);
			dependencies = (
			);
			name = Example7;
			productName = Example7;
			productReference = 0561495420EB4758001A3269 /* Example7.app */;
			productType = "com.apple.product-type.application";
		};
/* End PBXNativeTarget section */

/* Begin PBXProject section */
		0561494C20EB4758001A3269 /* Project object */ = {
			isa = PBXProject;
			attributes = {
				LastSwiftUpdateCheck = 0900;
				LastUpgradeCheck = 0900;
				ORGANIZATIONNAME = "김종현";
				TargetAttributes = {
					0561495320EB4758001A3269 = {
						CreatedOnToolsVersion = 9.0.1;
						ProvisioningStyle = Automatic;
					};
				};
			};
			buildConfigurationList = 0561494F20EB4758001A3269 /* Build configuration list for PBXProject "Example7" */;
			compatibilityVersion = "Xcode 8.0";
			developmentRegion = en;
			hasScannedForEncodings = 0;
			knownRegions = (
				en,
				Base,
			);
			mainGroup = 0561494B20EB4758001A3269;
			productRefGroup = 0561495520EB4758001A3269 /* Products */;
			projectDirPath = "";
			projectRoot = "";
			targets = (
				0561495320EB4758001A3269 /* Example7 */,
			);
		};
/* End PBXProject section */

/* Begin PBXResourcesBuildPhase section */
		0561495220EB4758001A3269 /* Resources */ = {
			isa = PBXResourcesBuildPhase;
			buildActionMask = 2147483647;
			files = (
				0561496220EB4758001A3269 /* LaunchScreen.storyboard in Resources */,
				0561495F20EB4758001A3269 /* Assets.xcassets in Resources */,
				0561495D20EB4758001A3269 /* Main.storyboard in Resources */,
			);
			runOnlyForDeploymentPostprocessing = 0;
		};
/* End PBXResourcesBuildPhase section */

/* Begin PBXShellScriptBuildPhase section */
		1613082102DABEF69F785DB9 /* [CP] Embed Pods Frameworks */ = {
			isa = PBXShellScriptBuildPhase;
			buildActionMask = 2147483647;
			files = (
			);
			inputPaths = (
				"${SRCROOT}/Pods/Target Support Files/Pods-Example7/Pods-Example7-frameworks.sh",
				"${BUILT_PRODUCTS_DIR}/Starscream/Starscream.framework",
			);
			name = "[CP] Embed Pods Frameworks";
			outputPaths = (
				"${TARGET_BUILD_DIR}/${FRAMEWORKS_FOLDER_PATH}/Starscream.framework",
			);
			runOnlyForDeploymentPostprocessing = 0;
			shellPath = /bin/sh;
			shellScript = "\"${SRCROOT}/Pods/Target Support Files/Pods-Example7/Pods-Example7-frameworks.sh\"\n";
			showEnvVarsInLog = 0;
		};
		8C210054F93B296B2DF5A87D /* [CP] Check Pods Manifest.lock */ = {
			isa = PBXShellScriptBuildPhase;
			buildActionMask = 2147483647;
			files = (
			);
			inputPaths = (
				"${PODS_PODFILE_DIR_PATH}/Podfile.lock",
				"${PODS_ROOT}/Manifest.lock",
			);
			name = "[CP] Check Pods Manifest.lock";
			outputPaths = (
				"$(DERIVED_FILE_DIR)/Pods-Example7-checkManifestLockResult.txt",
			);
			runOnlyForDeploymentPostprocessing = 0;
			shellPath = /bin/sh;
			shellScript = "diff \"${PODS_PODFILE_DIR_PATH}/Podfile.lock\" \"${PODS_ROOT}/Manifest.lock\" > /dev/null\nif [ $? != 0 ] ; then\n    # print error to STDERR\n    echo \"error: The sandbox is not in sync with the Podfile.lock. Run 'pod install' or update your CocoaPods installation.\" >&2\n    exit 1\nfi\n# This output is used by Xcode 'outputs' to avoid re-running this script phase.\necho \"SUCCESS\" > \"${SCRIPT_OUTPUT_FILE_0}\"\n";
			showEnvVarsInLog = 0;
		};
/* End PBXShellScriptBuildPhase section */

/* Begin PBXSourcesBuildPhase section */
		0561495020EB4758001A3269 /* Sources */ = {
			isa = PBXSourcesBuildPhase;
			buildActionMask = 2147483647;
			files = (
				0561495A20EB4758001A3269 /* ViewController.swift in Sources */,
				0561495820EB4758001A3269 /* AppDelegate.swift in Sources */,
			);
			runOnlyForDeploymentPostprocessing = 0;
		};
/* End PBXSourcesBuildPhase section */

/* Begin PBXVariantGroup section */
		0561495B20EB4758001A3269 /* Main.storyboard */ = {
			isa = PBXVariantGroup;
			children = (
				0561495C20EB4758001A3269 /* Base */,
			);
			name = Main.storyboard;
			sourceTree = "<group>";
		};
		0561496020EB4758001A3269 /* LaunchScreen.storyboard */ = {
			isa = PBXVariantGroup;
			children = (
				0561496120EB4758001A3269 /* Base */,
			);
			name = LaunchScreen.storyboard;
			sourceTree = "<group>";
		};
/* End PBXVariantGroup section */

/* Begin XCBuildConfiguration section */
		0561496420EB4758001A3269 /* Debug */ = {
			isa = XCBuildConfiguration;
			buildSettings = {
				ALWAYS_SEARCH_USER_PATHS = NO;
				CLANG_ANALYZER_NONNULL = YES;
				CLANG_ANALYZER_NUMBER_OBJECT_CONVERSION = YES_AGGRESSIVE;
				CLANG_CXX_LANGUAGE_STANDARD = "gnu++14";
				CLANG_CXX_LIBRARY = "libc++";
				CLANG_ENABLE_MODULES = YES;
				CLANG_ENABLE_OBJC_ARC = YES;
				CLANG_WARN_BLOCK_CAPTURE_AUTORELEASING = YES;
				CLANG_WARN_BOOL_CONVERSION = YES;
				CLANG_WARN_COMMA = YES;
				CLANG_WARN_CONSTANT_CONVERSION = YES;
				CLANG_WARN_DIRECT_OBJC_ISA_USAGE = YES_ERROR;
				CLANG_WARN_DOCUMENTATION_COMMENTS = YES;
				CLANG_WARN_EMPTY_BODY = YES;
				CLANG_WARN_ENUM_CONVERSION = YES;
				CLANG_WARN_INFINITE_RECURSION = YES;
				CLANG_WARN_INT_CONVERSION = YES;
				CLANG_WARN_NON_LITERAL_NULL_CONVERSION = YES;
				CLANG_WARN_OBJC_LITERAL_CONVERSION = YES;
				CLANG_WARN_OBJC_ROOT_CLASS = YES_ERROR;
				CLANG_WARN_RANGE_LOOP_ANALYSIS = YES;
				CLANG_WARN_STRICT_PROTOTYPES = YES;
				CLANG_WARN_SUSPICIOUS_MOVE = YES;
				CLANG_WARN_UNGUARDED_AVAILABILITY = YES_AGGRESSIVE;
				CLANG_WARN_UNREACHABLE_CODE = YES;
				CLANG_WARN__DUPLICATE_METHOD_MATCH = YES;
				CODE_SIGN_IDENTITY = "iPhone Developer";
				COPY_PHASE_STRIP = NO;
				DEBUG_INFORMATION_FORMAT = dwarf;
				ENABLE_STRICT_OBJC_MSGSEND = YES;
				ENABLE_TESTABILITY = YES;
				GCC_C_LANGUAGE_STANDARD = gnu11;
				GCC_DYNAMIC_NO_PIC = NO;
				GCC_NO_COMMON_BLOCKS = YES;
				GCC_OPTIMIZATION_LEVEL = 0;
				GCC_PREPROCESSOR_DEFINITIONS = (
					"DEBUG=1",
					"$(inherited)",
				);
				GCC_WARN_64_TO_32_BIT_CONVERSION = YES;
				GCC_WARN_ABOUT_RETURN_TYPE = YES_ERROR;
				GCC_WARN_UNDECLARED_SELECTOR = YES;
				GCC_WARN_UNINITIALIZED_AUTOS = YES_AGGRESSIVE;
				GCC_WARN_UNUSED_FUNCTION = YES;
				GCC_WARN_UNUSED_VARIABLE = YES;
				IPHONEOS_DEPLOYMENT_TARGET = 11.0;
				MTL_ENABLE_DEBUG_INFO = YES;
				ONLY_ACTIVE_ARCH = YES;
				SDKROOT = iphoneos;
				SWIFT_ACTIVE_COMPILATION_CONDITIONS = DEBUG;
				SWIFT_OPTIMIZATION_LEVEL = "-Onone";
			};
			name = Debug;
		};
		0561496520EB4758001A3269 /* Release */ = {
			isa = XCBuildConfiguration;
			buildSettings = {
				ALWAYS_SEARCH_USER_PATHS = NO;
				CLANG_ANALYZER_NONNULL = YES;
				CLANG_ANALYZER_NUMBER_OBJECT_CONVERSION = YES_AGGRESSIVE;
				CLANG_CXX_LANGUAGE_STANDARD = "gnu++14";
				CLANG_CXX_LIBRARY = "libc++";
				CLANG_ENABLE_MODULES = YES;
				CLANG_ENABLE_OBJC_ARC = YES;
				CLANG_WARN_BLOCK_CAPTURE_AUTORELEASING = YES;
				CLANG_WARN_BOOL_CONVERSION = YES;
				CLANG_WARN_COMMA = YES;
				CLANG_WARN_CONSTANT_CONVERSION = YES;
				CLANG_WARN_DIRECT_OBJC_ISA_USAGE = YES_ERROR;
				CLANG_WARN_DOCUMENTATION_COMMENTS = YES;
				CLANG_WARN_EMPTY_BODY = YES;
				CLANG_WARN_ENUM_CONVERSION = YES;
				CLANG_WARN_INFINITE_RECURSION = YES;
				CLANG_WARN_INT_CONVERSION = YES;
				CLANG_WARN_NON_LITERAL_NULL_CONVERSION = YES;
				CLANG_WARN_OBJC_LITERAL_CONVERSION = YES;
				CLANG_WARN_OBJC_ROOT_CLASS = YES_ERROR;
				CLANG_WARN_RANGE_LOOP_ANALYSIS = YES;
				CLANG_WARN_STRICT_PROTOTYPES = YES;
				CLANG_WARN_SUSPICIOUS_MOVE = YES;
				CLANG_WARN_UNGUARDED_AVAILABILITY = YES_AGGRESSIVE;
				CLANG_WARN_UNREACHABLE_CODE = YES;
				CLANG_WARN__DUPLICATE_METHOD_MATCH = YES;
				CODE_SIGN_IDENTITY = "iPhone Developer";
				COPY_PHASE_STRIP = NO;
				DEBUG_INFORMATION_FORMAT = "dwarf-with-dsym";
				ENABLE_NS_ASSERTIONS = NO;
				ENABLE_STRICT_OBJC_MSGSEND = YES;
				GCC_C_LANGUAGE_STANDARD = gnu11;
				GCC_NO_COMMON_BLOCKS = YES;
				GCC_WARN_64_TO_32_BIT_CONVERSION = YES;
				GCC_WARN_ABOUT_RETURN_TYPE = YES_ERROR;
				GCC_WARN_UNDECLARED_SELECTOR = YES;
				GCC_WARN_UNINITIALIZED_AUTOS = YES_AGGRESSIVE;
				GCC_WARN_UNUSED_FUNCTION = YES;
				GCC_WARN_UNUSED_VARIABLE = YES;
				IPHONEOS_DEPLOYMENT_TARGET = 11.0;
				MTL_ENABLE_DEBUG_INFO = NO;
				SDKROOT = iphoneos;
				SWIFT_OPTIMIZATION_LEVEL = "-Owholemodule";
				VALIDATE_PRODUCT = YES;
			};
			name = Release;
		};
		0561496720EB4758001A3269 /* Debug */ = {
			isa = XCBuildConfiguration;
			baseConfigurationReference = 8C861C0CEF250401913272D4 /* Pods-Example7.debug.xcconfig */;
			buildSettings = {
				ASSETCATALOG_COMPILER_APPICON_NAME = AppIcon;
				CODE_SIGN_STYLE = Automatic;
				DEVELOPMENT_TEAM = WBM58B7626;
				INFOPLIST_FILE = Example7/Info.plist;
				LD_RUNPATH_SEARCH_PATHS = "$(inherited) @executable_path/Frameworks";
				PRODUCT_BUNDLE_IDENTIFIER = kr.ac.dit.Example7;
				PRODUCT_NAME = "$(TARGET_NAME)";
				SWIFT_VERSION = 4.0;
				TARGETED_DEVICE_FAMILY = "1,2";
			};
			name = Debug;
		};
		0561496820EB4758001A3269 /* Release */ = {
			isa = XCBuildConfiguration;
			baseConfigurationReference = 239E33BCC93246EDBAB94992 /* Pods-Example7.release.xcconfig */;
			buildSettings = {
				ASSETCATALOG_COMPILER_APPICON_NAME = AppIcon;
				CODE_SIGN_STYLE = Automatic;
				DEVELOPMENT_TEAM = WBM58B7626;
				INFOPLIST_FILE = Example7/Info.plist;
				LD_RUNPATH_SEARCH_PATHS = "$(inherited) @executable_path/Frameworks";
				PRODUCT_BUNDLE_IDENTIFIER = kr.ac.dit.Example7;
				PRODUCT_NAME = "$(TARGET_NAME)";
				SWIFT_VERSION = 4.0;
				TARGETED_DEVICE_FAMILY = "1,2";
			};
			name = Release;
		};
/* End XCBuildConfiguration section */

/* Begin XCConfigurationList section */
		0561494F20EB4758001A3269 /* Build configuration list for PBXProject "Example7" */ = {
			isa = XCConfigurationList;
			buildConfigurations = (
				0561496420EB4758001A3269 /* Debug */,
				0561496520EB4758001A3269 /* Release */,
			);
			defaultConfigurationIsVisible = 0;
			defaultConfigurationName = Release;
		};
		0561496620EB4758001A3269 /* Build configuration list for PBXNativeTarget "Example7" */ = {
			isa = XCConfigurationList;
			buildConfigurations = (
				0561496720EB4758001A3269 /* Debug */,
				0561496820EB4758001A3269 /* Release */,
			);
			defaultConfigurationIsVisible = 0;
			defaultConfigurationName = Release;
		};
/* End XCConfigurationList section */
	};
	rootObject = 0561494C20EB4758001A3269 /* Project object */;
}
