// !$*UTF8*$!
{
	archiveVersion = 1;
	classes = {
	};
	objectVersion = 50;
	objects = {

/* Begin PBXBuildFile section */
		04523838A50A921DB410E4D5 /* Pods_Example9.framework in Frameworks */ = {isa = PBXBuildFile; fileRef = E0AC9A6C5A0539F898987A49 /* Pods_Example9.framework */; };
		05D551F520EB694C00EDE855 /* AppDelegate.swift in Sources */ = {isa = PBXBuildFile; fileRef = 05D551F420EB694C00EDE855 /* AppDelegate.swift */; };
		05D551F720EB694C00EDE855 /* ViewController.swift in Sources */ = {isa = PBXBuildFile; fileRef = 05D551F620EB694C00EDE855 /* ViewController.swift */; };
		05D551FA20EB694C00EDE855 /* Main.storyboard in Resources */ = {isa = PBXBuildFile; fileRef = 05D551F820EB694C00EDE855 /* Main.storyboard */; };
		05D551FC20EB694C00EDE855 /* Assets.xcassets in Resources */ = {isa = PBXBuildFile; fileRef = 05D551FB20EB694C00EDE855 /* Assets.xcassets */; };
		05D551FF20EB694C00EDE855 /* LaunchScreen.storyboard in Resources */ = {isa = PBXBuildFile; fileRef = 05D551FD20EB694C00EDE855 /* LaunchScreen.storyboard */; };
		05D5520720EB6FA500EDE855 /* Movies.json in Resources */ = {isa = PBXBuildFile; fileRef = 05D5520620EB6FA500EDE855 /* Movies.json */; };
/* End PBXBuildFile section */

/* Begin PBXFileReference section */
		05D551F120EB694C00EDE855 /* Example9.app */ = {isa = PBXFileReference; explicitFileType = wrapper.application; includeInIndex = 0; path = Example9.app; sourceTree = BUILT_PRODUCTS_DIR; };
		05D551F420EB694C00EDE855 /* AppDelegate.swift */ = {isa = PBXFileReference; lastKnownFileType = sourcecode.swift; path = AppDelegate.swift; sourceTree = "<group>"; };
		05D551F620EB694C00EDE855 /* ViewController.swift */ = {isa = PBXFileReference; lastKnownFileType = sourcecode.swift; path = ViewController.swift; sourceTree = "<group>"; };
		05D551F920EB694C00EDE855 /* Base */ = {isa = PBXFileReference; lastKnownFileType = file.storyboard; name = Base; path = Base.lproj/Main.storyboard; sourceTree = "<group>"; };
		05D551FB20EB694C00EDE855 /* Assets.xcassets */ = {isa = PBXFileReference; lastKnownFileType = folder.assetcatalog; path = Assets.xcassets; sourceTree = "<group>"; };
		05D551FE20EB694C00EDE855 /* Base */ = {isa = PBXFileReference; lastKnownFileType = file.storyboard; name = Base; path = Base.lproj/LaunchScreen.storyboard; sourceTree = "<group>"; };
		05D5520020EB694D00EDE855 /* Info.plist */ = {isa = PBXFileReference; lastKnownFileType = text.plist.xml; path = Info.plist; sourceTree = "<group>"; };
		05D5520620EB6FA500EDE855 /* Movies.json */ = {isa = PBXFileReference; lastKnownFileType = text.json; path = Movies.json; sourceTree = "<group>"; };
		662A6A841810D30CBB6E3BC1 /* Pods-Example9.release.xcconfig */ = {isa = PBXFileReference; includeInIndex = 1; lastKnownFileType = text.xcconfig; name = "Pods-Example9.release.xcconfig"; path = "Pods/Target Support Files/Pods-Example9/Pods-Example9.release.xcconfig"; sourceTree = "<group>"; };
		8C56F048CB7C9F4F332E07E8 /* Pods-Example9.debug.xcconfig */ = {isa = PBXFileReference; includeInIndex = 1; lastKnownFileType = text.xcconfig; name = "Pods-Example9.debug.xcconfig"; path = "Pods/Target Support Files/Pods-Example9/Pods-Example9.debug.xcconfig"; sourceTree = "<group>"; };
		E0AC9A6C5A0539F898987A49 /* Pods_Example9.framework */ = {isa = PBXFileReference; explicitFileType = wrapper.framework; includeInIndex = 0; path = Pods_Example9.framework; sourceTree = BUILT_PRODUCTS_DIR; };
/* End PBXFileReference section */

/* Begin PBXFrameworksBuildPhase section */
		05D551EE20EB694C00EDE855 /* Frameworks */ = {
			isa = PBXFrameworksBuildPhase;
			buildActionMask = 2147483647;
			files = (
				04523838A50A921DB410E4D5 /* Pods_Example9.framework in Frameworks */,
			);
			runOnlyForDeploymentPostprocessing = 0;
		};
/* End PBXFrameworksBuildPhase section */

/* Begin PBXGroup section */
		05D551E820EB694C00EDE855 = {
			isa = PBXGroup;
			children = (
				05D551F320EB694C00EDE855 /* Example9 */,
				05D551F220EB694C00EDE855 /* Products */,
				A148CC56DE4A852ABBF108BC /* Pods */,
				87F123B0421DCE477A9BF41D /* Frameworks */,
			);
			sourceTree = "<group>";
		};
		05D551F220EB694C00EDE855 /* Products */ = {
			isa = PBXGroup;
			children = (
				05D551F120EB694C00EDE855 /* Example9.app */,
			);
			name = Products;
			sourceTree = "<group>";
		};
		05D551F320EB694C00EDE855 /* Example9 */ = {
			isa = PBXGroup;
			children = (
				05D551F420EB694C00EDE855 /* AppDelegate.swift */,
				05D551F620EB694C00EDE855 /* ViewController.swift */,
				05D551F820EB694C00EDE855 /* Main.storyboard */,
				05D551FB20EB694C00EDE855 /* Assets.xcassets */,
				05D551FD20EB694C00EDE855 /* LaunchScreen.storyboard */,
				05D5520020EB694D00EDE855 /* Info.plist */,
				05D5520620EB6FA500EDE855 /* Movies.json */,
			);
			path = Example9;
			sourceTree = "<group>";
		};
		87F123B0421DCE477A9BF41D /* Frameworks */ = {
			isa = PBXGroup;
			children = (
				E0AC9A6C5A0539F898987A49 /* Pods_Example9.framework */,
			);
			name = Frameworks;
			sourceTree = "<group>";
		};
		A148CC56DE4A852ABBF108BC /* Pods */ = {
			isa = PBXGroup;
			children = (
				8C56F048CB7C9F4F332E07E8 /* Pods-Example9.debug.xcconfig */,
				662A6A841810D30CBB6E3BC1 /* Pods-Example9.release.xcconfig */,
			);
			name = Pods;
			sourceTree = "<group>";
		};
/* End PBXGroup section */

/* Begin PBXNativeTarget section */
		05D551F020EB694C00EDE855 /* Example9 */ = {
			isa = PBXNativeTarget;
			buildConfigurationList = 05D5520320EB694D00EDE855 /* Build configuration list for PBXNativeTarget "Example9" */;
			buildPhases = (
				7DE5E2CEC41ED55959D808B4 /* [CP] Check Pods Manifest.lock */,
				05D551ED20EB694C00EDE855 /* Sources */,
				05D551EE20EB694C00EDE855 /* Frameworks */,
				05D551EF20EB694C00EDE855 /* Resources */,
				106DAAFCCD53B8018B0853F5 /* [CP] Embed Pods Frameworks */,
			);
			buildRules = (
			);
			dependencies = (
			);
			name = Example9;
			productName = Example9;
			productReference = 05D551F120EB694C00EDE855 /* Example9.app */;
			productType = "com.apple.product-type.application";
		};
/* End PBXNativeTarget section */

/* Begin PBXProject section */
		05D551E920EB694C00EDE855 /* Project object */ = {
			isa = PBXProject;
			attributes = {
				LastSwiftUpdateCheck = 0940;
				LastUpgradeCheck = 0940;
				ORGANIZATIONNAME = "김종현";
				TargetAttributes = {
					05D551F020EB694C00EDE855 = {
						CreatedOnToolsVersion = 9.4.1;
					};
				};
			};
			buildConfigurationList = 05D551EC20EB694C00EDE855 /* Build configuration list for PBXProject "Example9" */;
			compatibilityVersion = "Xcode 9.3";
			developmentRegion = en;
			hasScannedForEncodings = 0;
			knownRegions = (
				en,
				Base,
			);
			mainGroup = 05D551E820EB694C00EDE855;
			productRefGroup = 05D551F220EB694C00EDE855 /* Products */;
			projectDirPath = "";
			projectRoot = "";
			targets = (
				05D551F020EB694C00EDE855 /* Example9 */,
			);
		};
/* End PBXProject section */

/* Begin PBXResourcesBuildPhase section */
		05D551EF20EB694C00EDE855 /* Resources */ = {
			isa = PBXResourcesBuildPhase;
			buildActionMask = 2147483647;
			files = (
				05D551FF20EB694C00EDE855 /* LaunchScreen.storyboard in Resources */,
				05D5520720EB6FA500EDE855 /* Movies.json in Resources */,
				05D551FC20EB694C00EDE855 /* Assets.xcassets in Resources */,
				05D551FA20EB694C00EDE855 /* Main.storyboard in Resources */,
			);
			runOnlyForDeploymentPostprocessing = 0;
		};
/* End PBXResourcesBuildPhase section */

/* Begin PBXShellScriptBuildPhase section */
		106DAAFCCD53B8018B0853F5 /* [CP] Embed Pods Frameworks */ = {
			isa = PBXShellScriptBuildPhase;
			buildActionMask = 2147483647;
			files = (
			);
			inputPaths = (
				"${SRCROOT}/Pods/Target Support Files/Pods-Example9/Pods-Example9-frameworks.sh",
				"${BUILT_PRODUCTS_DIR}/SwiftyJSON/SwiftyJSON.framework",
			);
			name = "[CP] Embed Pods Frameworks";
			outputPaths = (
				"${TARGET_BUILD_DIR}/${FRAMEWORKS_FOLDER_PATH}/SwiftyJSON.framework",
			);
			runOnlyForDeploymentPostprocessing = 0;
			shellPath = /bin/sh;
			shellScript = "\"${SRCROOT}/Pods/Target Support Files/Pods-Example9/Pods-Example9-frameworks.sh\"\n";
			showEnvVarsInLog = 0;
		};
		7DE5E2CEC41ED55959D808B4 /* [CP] Check Pods Manifest.lock */ = {
			isa = PBXShellScriptBuildPhase;
			buildActionMask = 2147483647;
			files = (
			);
			inputPaths = (
				"${PODS_PODFILE_DIR_PATH}/Podfile.lock",
				"${PODS_ROOT}/Manifest.lock",
			);
			name = "[CP] Check Pods Manifest.lock";
			outputPaths = (
				"$(DERIVED_FILE_DIR)/Pods-Example9-checkManifestLockResult.txt",
			);
			runOnlyForDeploymentPostprocessing = 0;
			shellPath = /bin/sh;
			shellScript = "diff \"${PODS_PODFILE_DIR_PATH}/Podfile.lock\" \"${PODS_ROOT}/Manifest.lock\" > /dev/null\nif [ $? != 0 ] ; then\n    # print error to STDERR\n    echo \"error: The sandbox is not in sync with the Podfile.lock. Run 'pod install' or update your CocoaPods installation.\" >&2\n    exit 1\nfi\n# This output is used by Xcode 'outputs' to avoid re-running this script phase.\necho \"SUCCESS\" > \"${SCRIPT_OUTPUT_FILE_0}\"\n";
			showEnvVarsInLog = 0;
		};
/* End PBXShellScriptBuildPhase section */

/* Begin PBXSourcesBuildPhase section */
		05D551ED20EB694C00EDE855 /* Sources */ = {
			isa = PBXSourcesBuildPhase;
			buildActionMask = 2147483647;
			files = (
				05D551F720EB694C00EDE855 /* ViewController.swift in Sources */,
				05D551F520EB694C00EDE855 /* AppDelegate.swift in Sources */,
			);
			runOnlyForDeploymentPostprocessing = 0;
		};
/* End PBXSourcesBuildPhase section */

/* Begin PBXVariantGroup section */
		05D551F820EB694C00EDE855 /* Main.storyboard */ = {
			isa = PBXVariantGroup;
			children = (
				05D551F920EB694C00EDE855 /* Base */,
			);
			name = Main.storyboard;
			sourceTree = "<group>";
		};
		05D551FD20EB694C00EDE855 /* LaunchScreen.storyboard */ = {
			isa = PBXVariantGroup;
			children = (
				05D551FE20EB694C00EDE855 /* Base */,
			);
			name = LaunchScreen.storyboard;
			sourceTree = "<group>";
		};
/* End PBXVariantGroup section */

/* Begin XCBuildConfiguration section */
		05D5520120EB694D00EDE855 /* Debug */ = {
			isa = XCBuildConfiguration;
			buildSettings = {
				ALWAYS_SEARCH_USER_PATHS = NO;
				CLANG_ANALYZER_NONNULL = YES;
				CLANG_ANALYZER_NUMBER_OBJECT_CONVERSION = YES_AGGRESSIVE;
				CLANG_CXX_LANGUAGE_STANDARD = "gnu++14";
				CLANG_CXX_LIBRARY = "libc++";
				CLANG_ENABLE_MODULES = YES;
				CLANG_ENABLE_OBJC_ARC = YES;
				CLANG_ENABLE_OBJC_WEAK = YES;
				CLANG_WARN_BLOCK_CAPTURE_AUTORELEASING = YES;
				CLANG_WARN_BOOL_CONVERSION = YES;
				CLANG_WARN_COMMA = YES;
				CLANG_WARN_CONSTANT_CONVERSION = YES;
				CLANG_WARN_DEPRECATED_OBJC_IMPLEMENTATIONS = YES;
				CLANG_WARN_DIRECT_OBJC_ISA_USAGE = YES_ERROR;
				CLANG_WARN_DOCUMENTATION_COMMENTS = YES;
				CLANG_WARN_EMPTY_BODY = YES;
				CLANG_WARN_ENUM_CONVERSION = YES;
				CLANG_WARN_INFINITE_RECURSION = YES;
				CLANG_WARN_INT_CONVERSION = YES;
				CLANG_WARN_NON_LITERAL_NULL_CONVERSION = YES;
				CLANG_WARN_OBJC_IMPLICIT_RETAIN_SELF = YES;
				CLANG_WARN_OBJC_LITERAL_CONVERSION = YES;
				CLANG_WARN_OBJC_ROOT_CLASS = YES_ERROR;
				CLANG_WARN_RANGE_LOOP_ANALYSIS = YES;
				CLANG_WARN_STRICT_PROTOTYPES = YES;
				CLANG_WARN_SUSPICIOUS_MOVE = YES;
				CLANG_WARN_UNGUARDED_AVAILABILITY = YES_AGGRESSIVE;
				CLANG_WARN_UNREACHABLE_CODE = YES;
				CLANG_WARN__DUPLICATE_METHOD_MATCH = YES;
				CODE_SIGN_IDENTITY = "iPhone Developer";
				COPY_PHASE_STRIP = NO;
				DEBUG_INFORMATION_FORMAT = dwarf;
				ENABLE_STRICT_OBJC_MSGSEND = YES;
				ENABLE_TESTABILITY = YES;
				GCC_C_LANGUAGE_STANDARD = gnu11;
				GCC_DYNAMIC_NO_PIC = NO;
				GCC_NO_COMMON_BLOCKS = YES;
				GCC_OPTIMIZATION_LEVEL = 0;
				GCC_PREPROCESSOR_DEFINITIONS = (
					"DEBUG=1",
					"$(inherited)",
				);
				GCC_WARN_64_TO_32_BIT_CONVERSION = YES;
				GCC_WARN_ABOUT_RETURN_TYPE = YES_ERROR;
				GCC_WARN_UNDECLARED_SELECTOR = YES;
				GCC_WARN_UNINITIALIZED_AUTOS = YES_AGGRESSIVE;
				GCC_WARN_UNUSED_FUNCTION = YES;
				GCC_WARN_UNUSED_VARIABLE = YES;
				IPHONEOS_DEPLOYMENT_TARGET = 11.4;
				MTL_ENABLE_DEBUG_INFO = YES;
				ONLY_ACTIVE_ARCH = YES;
				SDKROOT = iphoneos;
				SWIFT_ACTIVE_COMPILATION_CONDITIONS = DEBUG;
				SWIFT_OPTIMIZATION_LEVEL = "-Onone";
			};
			name = Debug;
		};
		05D5520220EB694D00EDE855 /* Release */ = {
			isa = XCBuildConfiguration;
			buildSettings = {
				ALWAYS_SEARCH_USER_PATHS = NO;
				CLANG_ANALYZER_NONNULL = YES;
				CLANG_ANALYZER_NUMBER_OBJECT_CONVERSION = YES_AGGRESSIVE;
				CLANG_CXX_LANGUAGE_STANDARD = "gnu++14";
				CLANG_CXX_LIBRARY = "libc++";
				CLANG_ENABLE_MODULES = YES;
				CLANG_ENABLE_OBJC_ARC = YES;
				CLANG_ENABLE_OBJC_WEAK = YES;
				CLANG_WARN_BLOCK_CAPTURE_AUTORELEASING = YES;
				CLANG_WARN_BOOL_CONVERSION = YES;
				CLANG_WARN_COMMA = YES;
				CLANG_WARN_CONSTANT_CONVERSION = YES;
				CLANG_WARN_DEPRECATED_OBJC_IMPLEMENTATIONS = YES;
				CLANG_WARN_DIRECT_OBJC_ISA_USAGE = YES_ERROR;
				CLANG_WARN_DOCUMENTATION_COMMENTS = YES;
				CLANG_WARN_EMPTY_BODY = YES;
				CLANG_WARN_ENUM_CONVERSION = YES;
				CLANG_WARN_INFINITE_RECURSION = YES;
				CLANG_WARN_INT_CONVERSION = YES;
				CLANG_WARN_NON_LITERAL_NULL_CONVERSION = YES;
				CLANG_WARN_OBJC_IMPLICIT_RETAIN_SELF = YES;
				CLANG_WARN_OBJC_LITERAL_CONVERSION = YES;
				CLANG_WARN_OBJC_ROOT_CLASS = YES_ERROR;
				CLANG_WARN_RANGE_LOOP_ANALYSIS = YES;
				CLANG_WARN_STRICT_PROTOTYPES = YES;
				CLANG_WARN_SUSPICIOUS_MOVE = YES;
				CLANG_WARN_UNGUARDED_AVAILABILITY = YES_AGGRESSIVE;
				CLANG_WARN_UNREACHABLE_CODE = YES;
				CLANG_WARN__DUPLICATE_METHOD_MATCH = YES;
				CODE_SIGN_IDENTITY = "iPhone Developer";
				COPY_PHASE_STRIP = NO;
				DEBUG_INFORMATION_FORMAT = "dwarf-with-dsym";
				ENABLE_NS_ASSERTIONS = NO;
				ENABLE_STRICT_OBJC_MSGSEND = YES;
				GCC_C_LANGUAGE_STANDARD = gnu11;
				GCC_NO_COMMON_BLOCKS = YES;
				GCC_WARN_64_TO_32_BIT_CONVERSION = YES;
				GCC_WARN_ABOUT_RETURN_TYPE = YES_ERROR;
				GCC_WARN_UNDECLARED_SELECTOR = YES;
				GCC_WARN_UNINITIALIZED_AUTOS = YES_AGGRESSIVE;
				GCC_WARN_UNUSED_FUNCTION = YES;
				GCC_WARN_UNUSED_VARIABLE = YES;
				IPHONEOS_DEPLOYMENT_TARGET = 11.4;
				MTL_ENABLE_DEBUG_INFO = NO;
				SDKROOT = iphoneos;
				SWIFT_COMPILATION_MODE = wholemodule;
				SWIFT_OPTIMIZATION_LEVEL = "-O";
				VALIDATE_PRODUCT = YES;
			};
			name = Release;
		};
		05D5520420EB694D00EDE855 /* Debug */ = {
			isa = XCBuildConfiguration;
			baseConfigurationReference = 8C56F048CB7C9F4F332E07E8 /* Pods-Example9.debug.xcconfig */;
			buildSettings = {
				ASSETCATALOG_COMPILER_APPICON_NAME = AppIcon;
				CODE_SIGN_STYLE = Automatic;
				DEVELOPMENT_TEAM = WBM58B7626;
				INFOPLIST_FILE = Example9/Info.plist;
				LD_RUNPATH_SEARCH_PATHS = (
					"$(inherited)",
					"@executable_path/Frameworks",
				);
				PRODUCT_BUNDLE_IDENTIFIER = kr.ac.dit.Example9;
				PRODUCT_NAME = "$(TARGET_NAME)";
				SWIFT_VERSION = 4.0;
				TARGETED_DEVICE_FAMILY = "1,2";
			};
			name = Debug;
		};
		05D5520520EB694D00EDE855 /* Release */ = {
			isa = XCBuildConfiguration;
			baseConfigurationReference = 662A6A841810D30CBB6E3BC1 /* Pods-Example9.release.xcconfig */;
			buildSettings = {
				ASSETCATALOG_COMPILER_APPICON_NAME = AppIcon;
				CODE_SIGN_STYLE = Automatic;
				DEVELOPMENT_TEAM = WBM58B7626;
				INFOPLIST_FILE = Example9/Info.plist;
				LD_RUNPATH_SEARCH_PATHS = (
					"$(inherited)",
					"@executable_path/Frameworks",
				);
				PRODUCT_BUNDLE_IDENTIFIER = kr.ac.dit.Example9;
				PRODUCT_NAME = "$(TARGET_NAME)";
				SWIFT_VERSION = 4.0;
				TARGETED_DEVICE_FAMILY = "1,2";
			};
			name = Release;
		};
/* End XCBuildConfiguration section */

/* Begin XCConfigurationList section */
		05D551EC20EB694C00EDE855 /* Build configuration list for PBXProject "Example9" */ = {
			isa = XCConfigurationList;
			buildConfigurations = (
				05D5520120EB694D00EDE855 /* Debug */,
				05D5520220EB694D00EDE855 /* Release */,
			);
			defaultConfigurationIsVisible = 0;
			defaultConfigurationName = Release;
		};
		05D5520320EB694D00EDE855 /* Build configuration list for PBXNativeTarget "Example9" */ = {
			isa = XCConfigurationList;
			buildConfigurations = (
				05D5520420EB694D00EDE855 /* Debug */,
				05D5520520EB694D00EDE855 /* Release */,
			);
			defaultConfigurationIsVisible = 0;
			defaultConfigurationName = Release;
		};
/* End XCConfigurationList section */
	};
	rootObject = 05D551E920EB694C00EDE855 /* Project object */;
}
