// !$*UTF8*$!
{
	archiveVersion = 1;
	classes = {
	};
	objectVersion = 48;
	objects = {

/* Begin PBXBuildFile section */
		2CA822E520C6955200EA16C8 /* AppDelegate.swift in Sources */ = {isa = PBXBuildFile; fileRef = 2CA822E420C6955200EA16C8 /* AppDelegate.swift */; };
		2CA822E720C6955200EA16C8 /* ViewController.swift in Sources */ = {isa = PBXBuildFile; fileRef = 2CA822E620C6955200EA16C8 /* ViewController.swift */; };
		2CA822EA20C6955200EA16C8 /* Main.storyboard in Resources */ = {isa = PBXBuildFile; fileRef = 2CA822E820C6955200EA16C8 /* Main.storyboard */; };
		2CA822EC20C6955400EA16C8 /* Assets.xcassets in Resources */ = {isa = PBXBuildFile; fileRef = 2CA822EB20C6955400EA16C8 /* Assets.xcassets */; };
		2CA822EF20C6955400EA16C8 /* LaunchScreen.storyboard in Resources */ = {isa = PBXBuildFile; fileRef = 2CA822ED20C6955400EA16C8 /* LaunchScreen.storyboard */; };
		77A892B55D18062501FD5BF1 /* Pods_ColorChanging.framework in Frameworks */ = {isa = PBXBuildFile; fileRef = 5CA50DE416789E98472577CA /* Pods_ColorChanging.framework */; };
/* End PBXBuildFile section */

/* Begin PBXFileReference section */
		08A2204A80C803D8AE86C5EF /* Pods-ColorChanging.release.xcconfig */ = {isa = PBXFileReference; includeInIndex = 1; lastKnownFileType = text.xcconfig; name = "Pods-ColorChanging.release.xcconfig"; path = "Pods/Target Support Files/Pods-ColorChanging/Pods-ColorChanging.release.xcconfig"; sourceTree = "<group>"; };
		2CA822E120C6955200EA16C8 /* ColorChanging.app */ = {isa = PBXFileReference; explicitFileType = wrapper.application; includeInIndex = 0; path = ColorChanging.app; sourceTree = BUILT_PRODUCTS_DIR; };
		2CA822E420C6955200EA16C8 /* AppDelegate.swift */ = {isa = PBXFileReference; lastKnownFileType = sourcecode.swift; path = AppDelegate.swift; sourceTree = "<group>"; };
		2CA822E620C6955200EA16C8 /* ViewController.swift */ = {isa = PBXFileReference; lastKnownFileType = sourcecode.swift; path = ViewController.swift; sourceTree = "<group>"; };
		2CA822E920C6955200EA16C8 /* Base */ = {isa = PBXFileReference; lastKnownFileType = file.storyboard; name = Base; path = Base.lproj/Main.storyboard; sourceTree = "<group>"; };
		2CA822EB20C6955400EA16C8 /* Assets.xcassets */ = {isa = PBXFileReference; lastKnownFileType = folder.assetcatalog; path = Assets.xcassets; sourceTree = "<group>"; };
		2CA822EE20C6955400EA16C8 /* Base */ = {isa = PBXFileReference; lastKnownFileType = file.storyboard; name = Base; path = Base.lproj/LaunchScreen.storyboard; sourceTree = "<group>"; };
		2CA822F020C6955400EA16C8 /* Info.plist */ = {isa = PBXFileReference; lastKnownFileType = text.plist.xml; path = Info.plist; sourceTree = "<group>"; };
		5CA50DE416789E98472577CA /* Pods_ColorChanging.framework */ = {isa = PBXFileReference; explicitFileType = wrapper.framework; includeInIndex = 0; path = Pods_ColorChanging.framework; sourceTree = BUILT_PRODUCTS_DIR; };
		AAB0E79100396AB737167572 /* Pods-ColorChanging.debug.xcconfig */ = {isa = PBXFileReference; includeInIndex = 1; lastKnownFileType = text.xcconfig; name = "Pods-ColorChanging.debug.xcconfig"; path = "Pods/Target Support Files/Pods-ColorChanging/Pods-ColorChanging.debug.xcconfig"; sourceTree = "<group>"; };
/* End PBXFileReference section */

/* Begin PBXFrameworksBuildPhase section */
		2CA822DE20C6955200EA16C8 /* Frameworks */ = {
			isa = PBXFrameworksBuildPhase;
			buildActionMask = 2147483647;
			files = (
				77A892B55D18062501FD5BF1 /* Pods_ColorChanging.framework in Frameworks */,
			);
			runOnlyForDeploymentPostprocessing = 0;
		};
/* End PBXFrameworksBuildPhase section */

/* Begin PBXGroup section */
		2CA822D820C6955200EA16C8 = {
			isa = PBXGroup;
			children = (
				2CA822E320C6955200EA16C8 /* ColorChanging */,
				2CA822E220C6955200EA16C8 /* Products */,
				CE9E48402B66BCC8802B67FF /* Pods */,
				BC1E20468BDAD8D9AA9D54F5 /* Frameworks */,
			);
			sourceTree = "<group>";
		};
		2CA822E220C6955200EA16C8 /* Products */ = {
			isa = PBXGroup;
			children = (
				2CA822E120C6955200EA16C8 /* ColorChanging.app */,
			);
			name = Products;
			sourceTree = "<group>";
		};
		2CA822E320C6955200EA16C8 /* ColorChanging */ = {
			isa = PBXGroup;
			children = (
				2CA822E420C6955200EA16C8 /* AppDelegate.swift */,
				2CA822E620C6955200EA16C8 /* ViewController.swift */,
				2CA822E820C6955200EA16C8 /* Main.storyboard */,
				2CA822EB20C6955400EA16C8 /* Assets.xcassets */,
				2CA822ED20C6955400EA16C8 /* LaunchScreen.storyboard */,
				2CA822F020C6955400EA16C8 /* Info.plist */,
			);
			path = ColorChanging;
			sourceTree = "<group>";
		};
		BC1E20468BDAD8D9AA9D54F5 /* Frameworks */ = {
			isa = PBXGroup;
			children = (
				5CA50DE416789E98472577CA /* Pods_ColorChanging.framework */,
			);
			name = Frameworks;
			sourceTree = "<group>";
		};
		CE9E48402B66BCC8802B67FF /* Pods */ = {
			isa = PBXGroup;
			children = (
				AAB0E79100396AB737167572 /* Pods-ColorChanging.debug.xcconfig */,
				08A2204A80C803D8AE86C5EF /* Pods-ColorChanging.release.xcconfig */,
			);
			name = Pods;
			sourceTree = "<group>";
		};
/* End PBXGroup section */

/* Begin PBXNativeTarget section */
		2CA822E020C6955200EA16C8 /* ColorChanging */ = {
			isa = PBXNativeTarget;
			buildConfigurationList = 2CA822F320C6955400EA16C8 /* Build configuration list for PBXNativeTarget "ColorChanging" */;
			buildPhases = (
				5F0C0F7F9907840DC192B768 /* [CP] Check Pods Manifest.lock */,
				2CA822DD20C6955200EA16C8 /* Sources */,
				2CA822DE20C6955200EA16C8 /* Frameworks */,
				2CA822DF20C6955200EA16C8 /* Resources */,
				29E88DD87466D9099CE1E6AA /* [CP] Embed Pods Frameworks */,
			);
			buildRules = (
			);
			dependencies = (
			);
			name = ColorChanging;
			productName = ColorChanging;
			productReference = 2CA822E120C6955200EA16C8 /* ColorChanging.app */;
			productType = "com.apple.product-type.application";
		};
/* End PBXNativeTarget section */

/* Begin PBXProject section */
		2CA822D920C6955200EA16C8 /* Project object */ = {
			isa = PBXProject;
			attributes = {
				LastSwiftUpdateCheck = 0940;
				LastUpgradeCheck = 0940;
				ORGANIZATIONNAME = "Jaehoon Lee";
				TargetAttributes = {
					2CA822E020C6955200EA16C8 = {
						CreatedOnToolsVersion = 9.4;
						ProvisioningStyle = Automatic;
					};
				};
			};
			buildConfigurationList = 2CA822DC20C6955200EA16C8 /* Build configuration list for PBXProject "ColorChanging" */;
			compatibilityVersion = "Xcode 8.0";
			developmentRegion = en;
			hasScannedForEncodings = 0;
			knownRegions = (
				en,
				Base,
			);
			mainGroup = 2CA822D820C6955200EA16C8;
			productRefGroup = 2CA822E220C6955200EA16C8 /* Products */;
			projectDirPath = "";
			projectRoot = "";
			targets = (
				2CA822E020C6955200EA16C8 /* ColorChanging */,
			);
		};
/* End PBXProject section */

/* Begin PBXResourcesBuildPhase section */
		2CA822DF20C6955200EA16C8 /* Resources */ = {
			isa = PBXResourcesBuildPhase;
			buildActionMask = 2147483647;
			files = (
				2CA822EF20C6955400EA16C8 /* LaunchScreen.storyboard in Resources */,
				2CA822EC20C6955400EA16C8 /* Assets.xcassets in Resources */,
				2CA822EA20C6955200EA16C8 /* Main.storyboard in Resources */,
			);
			runOnlyForDeploymentPostprocessing = 0;
		};
/* End PBXResourcesBuildPhase section */

/* Begin PBXShellScriptBuildPhase section */
		29E88DD87466D9099CE1E6AA /* [CP] Embed Pods Frameworks */ = {
			isa = PBXShellScriptBuildPhase;
			buildActionMask = 2147483647;
			files = (
			);
			inputPaths = (
				"${SRCROOT}/Pods/Target Support Files/Pods-ColorChanging/Pods-ColorChanging-frameworks.sh",
				"${BUILT_PRODUCTS_DIR}/CocoaAsyncSocket/CocoaAsyncSocket.framework",
			);
			name = "[CP] Embed Pods Frameworks";
			outputPaths = (
				"${TARGET_BUILD_DIR}/${FRAMEWORKS_FOLDER_PATH}/CocoaAsyncSocket.framework",
			);
			runOnlyForDeploymentPostprocessing = 0;
			shellPath = /bin/sh;
			shellScript = "\"${SRCROOT}/Pods/Target Support Files/Pods-ColorChanging/Pods-ColorChanging-frameworks.sh\"\n";
			showEnvVarsInLog = 0;
		};
		5F0C0F7F9907840DC192B768 /* [CP] Check Pods Manifest.lock */ = {
			isa = PBXShellScriptBuildPhase;
			buildActionMask = 2147483647;
			files = (
			);
			inputPaths = (
				"${PODS_PODFILE_DIR_PATH}/Podfile.lock",
				"${PODS_ROOT}/Manifest.lock",
			);
			name = "[CP] Check Pods Manifest.lock";
			outputPaths = (
				"$(DERIVED_FILE_DIR)/Pods-ColorChanging-checkManifestLockResult.txt",
			);
			runOnlyForDeploymentPostprocessing = 0;
			shellPath = /bin/sh;
			shellScript = "diff \"${PODS_PODFILE_DIR_PATH}/Podfile.lock\" \"${PODS_ROOT}/Manifest.lock\" > /dev/null\nif [ $? != 0 ] ; then\n    # print error to STDERR\n    echo \"error: The sandbox is not in sync with the Podfile.lock. Run 'pod install' or update your CocoaPods installation.\" >&2\n    exit 1\nfi\n# This output is used by Xcode 'outputs' to avoid re-running this script phase.\necho \"SUCCESS\" > \"${SCRIPT_OUTPUT_FILE_0}\"\n";
			showEnvVarsInLog = 0;
		};
/* End PBXShellScriptBuildPhase section */

/* Begin PBXSourcesBuildPhase section */
		2CA822DD20C6955200EA16C8 /* Sources */ = {
			isa = PBXSourcesBuildPhase;
			buildActionMask = 2147483647;
			files = (
				2CA822E720C6955200EA16C8 /* ViewController.swift in Sources */,
				2CA822E520C6955200EA16C8 /* AppDelegate.swift in Sources */,
			);
			runOnlyForDeploymentPostprocessing = 0;
		};
/* End PBXSourcesBuildPhase section */

/* Begin PBXVariantGroup section */
		2CA822E820C6955200EA16C8 /* Main.storyboard */ = {
			isa = PBXVariantGroup;
			children = (
				2CA822E920C6955200EA16C8 /* Base */,
			);
			name = Main.storyboard;
			sourceTree = "<group>";
		};
		2CA822ED20C6955400EA16C8 /* LaunchScreen.storyboard */ = {
			isa = PBXVariantGroup;
			children = (
				2CA822EE20C6955400EA16C8 /* Base */,
			);
			name = LaunchScreen.storyboard;
			sourceTree = "<group>";
		};
/* End PBXVariantGroup section */

/* Begin XCBuildConfiguration section */
		2CA822F120C6955400EA16C8 /* Debug */ = {
			isa = XCBuildConfiguration;
			buildSettings = {
				ALWAYS_SEARCH_USER_PATHS = NO;
				CLANG_ANALYZER_NONNULL = YES;
				CLANG_ANALYZER_NUMBER_OBJECT_CONVERSION = YES_AGGRESSIVE;
				CLANG_CXX_LANGUAGE_STANDARD = "gnu++14";
				CLANG_CXX_LIBRARY = "libc++";
				CLANG_ENABLE_MODULES = YES;
				CLANG_ENABLE_OBJC_ARC = YES;
				CLANG_ENABLE_OBJC_WEAK = YES;
				CLANG_WARN_BLOCK_CAPTURE_AUTORELEASING = YES;
				CLANG_WARN_BOOL_CONVERSION = YES;
				CLANG_WARN_COMMA = YES;
				CLANG_WARN_CONSTANT_CONVERSION = YES;
				CLANG_WARN_DEPRECATED_OBJC_IMPLEMENTATIONS = YES;
				CLANG_WARN_DIRECT_OBJC_ISA_USAGE = YES_ERROR;
				CLANG_WARN_DOCUMENTATION_COMMENTS = YES;
				CLANG_WARN_EMPTY_BODY = YES;
				CLANG_WARN_ENUM_CONVERSION = YES;
				CLANG_WARN_INFINITE_RECURSION = YES;
				CLANG_WARN_INT_CONVERSION = YES;
				CLANG_WARN_NON_LITERAL_NULL_CONVERSION = YES;
				CLANG_WARN_OBJC_IMPLICIT_RETAIN_SELF = YES;
				CLANG_WARN_OBJC_LITERAL_CONVERSION = YES;
				CLANG_WARN_OBJC_ROOT_CLASS = YES_ERROR;
				CLANG_WARN_RANGE_LOOP_ANALYSIS = YES;
				CLANG_WARN_STRICT_PROTOTYPES = YES;
				CLANG_WARN_SUSPICIOUS_MOVE = YES;
				CLANG_WARN_UNGUARDED_AVAILABILITY = YES_AGGRESSIVE;
				CLANG_WARN_UNREACHABLE_CODE = YES;
				CLANG_WARN__DUPLICATE_METHOD_MATCH = YES;
				CODE_SIGN_IDENTITY = "iPhone Developer";
				COPY_PHASE_STRIP = NO;
				DEBUG_INFORMATION_FORMAT = dwarf;
				ENABLE_STRICT_OBJC_MSGSEND = YES;
				ENABLE_TESTABILITY = YES;
				GCC_C_LANGUAGE_STANDARD = gnu11;
				GCC_DYNAMIC_NO_PIC = NO;
				GCC_NO_COMMON_BLOCKS = YES;
				GCC_OPTIMIZATION_LEVEL = 0;
				GCC_PREPROCESSOR_DEFINITIONS = (
					"DEBUG=1",
					"$(inherited)",
				);
				GCC_WARN_64_TO_32_BIT_CONVERSION = YES;
				GCC_WARN_ABOUT_RETURN_TYPE = YES_ERROR;
				GCC_WARN_UNDECLARED_SELECTOR = YES;
				GCC_WARN_UNINITIALIZED_AUTOS = YES_AGGRESSIVE;
				GCC_WARN_UNUSED_FUNCTION = YES;
				GCC_WARN_UNUSED_VARIABLE = YES;
				IPHONEOS_DEPLOYMENT_TARGET = 11.4;
				MTL_ENABLE_DEBUG_INFO = YES;
				ONLY_ACTIVE_ARCH = YES;
				SDKROOT = iphoneos;
				SWIFT_ACTIVE_COMPILATION_CONDITIONS = DEBUG;
				SWIFT_OPTIMIZATION_LEVEL = "-Onone";
			};
			name = Debug;
		};
		2CA822F220C6955400EA16C8 /* Release */ = {
			isa = XCBuildConfiguration;
			buildSettings = {
				ALWAYS_SEARCH_USER_PATHS = NO;
				CLANG_ANALYZER_NONNULL = YES;
				CLANG_ANALYZER_NUMBER_OBJECT_CONVERSION = YES_AGGRESSIVE;
				CLANG_CXX_LANGUAGE_STANDARD = "gnu++14";
				CLANG_CXX_LIBRARY = "libc++";
				CLANG_ENABLE_MODULES = YES;
				CLANG_ENABLE_OBJC_ARC = YES;
				CLANG_ENABLE_OBJC_WEAK = YES;
				CLANG_WARN_BLOCK_CAPTURE_AUTORELEASING = YES;
				CLANG_WARN_BOOL_CONVERSION = YES;
				CLANG_WARN_COMMA = YES;
				CLANG_WARN_CONSTANT_CONVERSION = YES;
				CLANG_WARN_DEPRECATED_OBJC_IMPLEMENTATIONS = YES;
				CLANG_WARN_DIRECT_OBJC_ISA_USAGE = YES_ERROR;
				CLANG_WARN_DOCUMENTATION_COMMENTS = YES;
				CLANG_WARN_EMPTY_BODY = YES;
				CLANG_WARN_ENUM_CONVERSION = YES;
				CLANG_WARN_INFINITE_RECURSION = YES;
				CLANG_WARN_INT_CONVERSION = YES;
				CLANG_WARN_NON_LITERAL_NULL_CONVERSION = YES;
				CLANG_WARN_OBJC_IMPLICIT_RETAIN_SELF = YES;
				CLANG_WARN_OBJC_LITERAL_CONVERSION = YES;
				CLANG_WARN_OBJC_ROOT_CLASS = YES_ERROR;
				CLANG_WARN_RANGE_LOOP_ANALYSIS = YES;
				CLANG_WARN_STRICT_PROTOTYPES = YES;
				CLANG_WARN_SUSPICIOUS_MOVE = YES;
				CLANG_WARN_UNGUARDED_AVAILABILITY = YES_AGGRESSIVE;
				CLANG_WARN_UNREACHABLE_CODE = YES;
				CLANG_WARN__DUPLICATE_METHOD_MATCH = YES;
				CODE_SIGN_IDENTITY = "iPhone Developer";
				COPY_PHASE_STRIP = NO;
				DEBUG_INFORMATION_FORMAT = "dwarf-with-dsym";
				ENABLE_NS_ASSERTIONS = NO;
				ENABLE_STRICT_OBJC_MSGSEND = YES;
				GCC_C_LANGUAGE_STANDARD = gnu11;
				GCC_NO_COMMON_BLOCKS = YES;
				GCC_WARN_64_TO_32_BIT_CONVERSION = YES;
				GCC_WARN_ABOUT_RETURN_TYPE = YES_ERROR;
				GCC_WARN_UNDECLARED_SELECTOR = YES;
				GCC_WARN_UNINITIALIZED_AUTOS = YES_AGGRESSIVE;
				GCC_WARN_UNUSED_FUNCTION = YES;
				GCC_WARN_UNUSED_VARIABLE = YES;
				IPHONEOS_DEPLOYMENT_TARGET = 11.4;
				MTL_ENABLE_DEBUG_INFO = NO;
				SDKROOT = iphoneos;
				SWIFT_OPTIMIZATION_LEVEL = "-Owholemodule";
				VALIDATE_PRODUCT = YES;
			};
			name = Release;
		};
		2CA822F420C6955400EA16C8 /* Debug */ = {
			isa = XCBuildConfiguration;
			baseConfigurationReference = AAB0E79100396AB737167572 /* Pods-ColorChanging.debug.xcconfig */;
			buildSettings = {
				ASSETCATALOG_COMPILER_APPICON_NAME = AppIcon;
				CODE_SIGN_STYLE = Automatic;
				INFOPLIST_FILE = ColorChanging/Info.plist;
				LD_RUNPATH_SEARCH_PATHS = "$(inherited) @executable_path/Frameworks";
				PRODUCT_BUNDLE_IDENTIFIER = com.wannabewize.example.ColorChanging;
				PRODUCT_NAME = "$(TARGET_NAME)";
				SWIFT_VERSION = 4.0;
				TARGETED_DEVICE_FAMILY = "1,2";
			};
			name = Debug;
		};
		2CA822F520C6955400EA16C8 /* Release */ = {
			isa = XCBuildConfiguration;
			baseConfigurationReference = 08A2204A80C803D8AE86C5EF /* Pods-ColorChanging.release.xcconfig */;
			buildSettings = {
				ASSETCATALOG_COMPILER_APPICON_NAME = AppIcon;
				CODE_SIGN_STYLE = Automatic;
				INFOPLIST_FILE = ColorChanging/Info.plist;
				LD_RUNPATH_SEARCH_PATHS = "$(inherited) @executable_path/Frameworks";
				PRODUCT_BUNDLE_IDENTIFIER = com.wannabewize.example.ColorChanging;
				PRODUCT_NAME = "$(TARGET_NAME)";
				SWIFT_VERSION = 4.0;
				TARGETED_DEVICE_FAMILY = "1,2";
			};
			name = Release;
		};
/* End XCBuildConfiguration section */

/* Begin XCConfigurationList section */
		2CA822DC20C6955200EA16C8 /* Build configuration list for PBXProject "ColorChanging" */ = {
			isa = XCConfigurationList;
			buildConfigurations = (
				2CA822F120C6955400EA16C8 /* Debug */,
				2CA822F220C6955400EA16C8 /* Release */,
			);
			defaultConfigurationIsVisible = 0;
			defaultConfigurationName = Release;
		};
		2CA822F320C6955400EA16C8 /* Build configuration list for PBXNativeTarget "ColorChanging" */ = {
			isa = XCConfigurationList;
			buildConfigurations = (
				2CA822F420C6955400EA16C8 /* Debug */,
				2CA822F520C6955400EA16C8 /* Release */,
			);
			defaultConfigurationIsVisible = 0;
			defaultConfigurationName = Release;
		};
/* End XCConfigurationList section */
	};
	rootObject = 2CA822D920C6955200EA16C8 /* Project object */;
}
