// !$*UTF8*$!
{
	archiveVersion = 1;
	classes = {
	};
	objectVersion = 48;
	objects = {

/* Begin PBXBuildFile section */
		2C23B4F920D3AC60008D97C7 /* AppDelegate.swift in Sources */ = {isa = PBXBuildFile; fileRef = 2C23B4F820D3AC60008D97C7 /* AppDelegate.swift */; };
		2C23B4FB20D3AC60008D97C7 /* ViewController.swift in Sources */ = {isa = PBXBuildFile; fileRef = 2C23B4FA20D3AC60008D97C7 /* ViewController.swift */; };
		2C23B4FE20D3AC60008D97C7 /* Main.storyboard in Resources */ = {isa = PBXBuildFile; fileRef = 2C23B4FC20D3AC60008D97C7 /* Main.storyboard */; };
		2C23B50020D3AC62008D97C7 /* Assets.xcassets in Resources */ = {isa = PBXBuildFile; fileRef = 2C23B4FF20D3AC62008D97C7 /* Assets.xcassets */; };
		2C23B50320D3AC62008D97C7 /* LaunchScreen.storyboard in Resources */ = {isa = PBXBuildFile; fileRef = 2C23B50120D3AC62008D97C7 /* LaunchScreen.storyboard */; };
		F979D6D6B6597C3000AB9BA6 /* Pods_WebSocketClient.framework in Frameworks */ = {isa = PBXBuildFile; fileRef = 51A0FD6F142D79203D6F4C4D /* Pods_WebSocketClient.framework */; };
/* End PBXBuildFile section */

/* Begin PBXFileReference section */
		2C23B4F520D3AC60008D97C7 /* WebSocketClient.app */ = {isa = PBXFileReference; explicitFileType = wrapper.application; includeInIndex = 0; path = WebSocketClient.app; sourceTree = BUILT_PRODUCTS_DIR; };
		2C23B4F820D3AC60008D97C7 /* AppDelegate.swift */ = {isa = PBXFileReference; lastKnownFileType = sourcecode.swift; path = AppDelegate.swift; sourceTree = "<group>"; };
		2C23B4FA20D3AC60008D97C7 /* ViewController.swift */ = {isa = PBXFileReference; lastKnownFileType = sourcecode.swift; path = ViewController.swift; sourceTree = "<group>"; };
		2C23B4FD20D3AC60008D97C7 /* Base */ = {isa = PBXFileReference; lastKnownFileType = file.storyboard; name = Base; path = Base.lproj/Main.storyboard; sourceTree = "<group>"; };
		2C23B4FF20D3AC62008D97C7 /* Assets.xcassets */ = {isa = PBXFileReference; lastKnownFileType = folder.assetcatalog; path = Assets.xcassets; sourceTree = "<group>"; };
		2C23B50220D3AC62008D97C7 /* Base */ = {isa = PBXFileReference; lastKnownFileType = file.storyboard; name = Base; path = Base.lproj/LaunchScreen.storyboard; sourceTree = "<group>"; };
		2C23B50420D3AC62008D97C7 /* Info.plist */ = {isa = PBXFileReference; lastKnownFileType = text.plist.xml; path = Info.plist; sourceTree = "<group>"; };
		3966D96F9146E70F40D14484 /* Pods-WebSocketClient.debug.xcconfig */ = {isa = PBXFileReference; includeInIndex = 1; lastKnownFileType = text.xcconfig; name = "Pods-WebSocketClient.debug.xcconfig"; path = "Pods/Target Support Files/Pods-WebSocketClient/Pods-WebSocketClient.debug.xcconfig"; sourceTree = "<group>"; };
		51A0FD6F142D79203D6F4C4D /* Pods_WebSocketClient.framework */ = {isa = PBXFileReference; explicitFileType = wrapper.framework; includeInIndex = 0; path = Pods_WebSocketClient.framework; sourceTree = BUILT_PRODUCTS_DIR; };
		D73F1478BA557D218E646B38 /* Pods-WebSocketClient.release.xcconfig */ = {isa = PBXFileReference; includeInIndex = 1; lastKnownFileType = text.xcconfig; name = "Pods-WebSocketClient.release.xcconfig"; path = "Pods/Target Support Files/Pods-WebSocketClient/Pods-WebSocketClient.release.xcconfig"; sourceTree = "<group>"; };
/* End PBXFileReference section */

/* Begin PBXFrameworksBuildPhase section */
		2C23B4F220D3AC60008D97C7 /* Frameworks */ = {
			isa = PBXFrameworksBuildPhase;
			buildActionMask = 2147483647;
			files = (
				F979D6D6B6597C3000AB9BA6 /* Pods_WebSocketClient.framework in Frameworks */,
			);
			runOnlyForDeploymentPostprocessing = 0;
		};
/* End PBXFrameworksBuildPhase section */

/* Begin PBXGroup section */
		2C23B4EC20D3AC60008D97C7 = {
			isa = PBXGroup;
			children = (
				2C23B4F720D3AC60008D97C7 /* WebSocketClient */,
				2C23B4F620D3AC60008D97C7 /* Products */,
				82B98B059A0E08135D821C55 /* Pods */,
				94426E6A8EFB08E943406790 /* Frameworks */,
			);
			sourceTree = "<group>";
		};
		2C23B4F620D3AC60008D97C7 /* Products */ = {
			isa = PBXGroup;
			children = (
				2C23B4F520D3AC60008D97C7 /* WebSocketClient.app */,
			);
			name = Products;
			sourceTree = "<group>";
		};
		2C23B4F720D3AC60008D97C7 /* WebSocketClient */ = {
			isa = PBXGroup;
			children = (
				2C23B4F820D3AC60008D97C7 /* AppDelegate.swift */,
				2C23B4FA20D3AC60008D97C7 /* ViewController.swift */,
				2C23B4FC20D3AC60008D97C7 /* Main.storyboard */,
				2C23B4FF20D3AC62008D97C7 /* Assets.xcassets */,
				2C23B50120D3AC62008D97C7 /* LaunchScreen.storyboard */,
				2C23B50420D3AC62008D97C7 /* Info.plist */,
			);
			path = WebSocketClient;
			sourceTree = "<group>";
		};
		82B98B059A0E08135D821C55 /* Pods */ = {
			isa = PBXGroup;
			children = (
				3966D96F9146E70F40D14484 /* Pods-WebSocketClient.debug.xcconfig */,
				D73F1478BA557D218E646B38 /* Pods-WebSocketClient.release.xcconfig */,
			);
			name = Pods;
			sourceTree = "<group>";
		};
		94426E6A8EFB08E943406790 /* Frameworks */ = {
			isa = PBXGroup;
			children = (
				51A0FD6F142D79203D6F4C4D /* Pods_WebSocketClient.framework */,
			);
			name = Frameworks;
			sourceTree = "<group>";
		};
/* End PBXGroup section */

/* Begin PBXNativeTarget section */
		2C23B4F420D3AC60008D97C7 /* WebSocketClient */ = {
			isa = PBXNativeTarget;
			buildConfigurationList = 2C23B50720D3AC62008D97C7 /* Build configuration list for PBXNativeTarget "WebSocketClient" */;
			buildPhases = (
				C2D538C287BB48256067501F /* [CP] Check Pods Manifest.lock */,
				2C23B4F120D3AC60008D97C7 /* Sources */,
				2C23B4F220D3AC60008D97C7 /* Frameworks */,
				2C23B4F320D3AC60008D97C7 /* Resources */,
				7D720E097B513CBC2F2E9920 /* [CP] Embed Pods Frameworks */,
			);
			buildRules = (
			);
			dependencies = (
			);
			name = WebSocketClient;
			productName = WebSocketClient;
			productReference = 2C23B4F520D3AC60008D97C7 /* WebSocketClient.app */;
			productType = "com.apple.product-type.application";
		};
/* End PBXNativeTarget section */

/* Begin PBXProject section */
		2C23B4ED20D3AC60008D97C7 /* Project object */ = {
			isa = PBXProject;
			attributes = {
				LastSwiftUpdateCheck = 0940;
				LastUpgradeCheck = 0940;
				ORGANIZATIONNAME = "Jaehoon Lee";
				TargetAttributes = {
					2C23B4F420D3AC60008D97C7 = {
						CreatedOnToolsVersion = 9.4;
						ProvisioningStyle = Automatic;
					};
				};
			};
			buildConfigurationList = 2C23B4F020D3AC60008D97C7 /* Build configuration list for PBXProject "WebSocketClient" */;
			compatibilityVersion = "Xcode 8.0";
			developmentRegion = en;
			hasScannedForEncodings = 0;
			knownRegions = (
				en,
				Base,
			);
			mainGroup = 2C23B4EC20D3AC60008D97C7;
			productRefGroup = 2C23B4F620D3AC60008D97C7 /* Products */;
			projectDirPath = "";
			projectRoot = "";
			targets = (
				2C23B4F420D3AC60008D97C7 /* WebSocketClient */,
			);
		};
/* End PBXProject section */

/* Begin PBXResourcesBuildPhase section */
		2C23B4F320D3AC60008D97C7 /* Resources */ = {
			isa = PBXResourcesBuildPhase;
			buildActionMask = 2147483647;
			files = (
				2C23B50320D3AC62008D97C7 /* LaunchScreen.storyboard in Resources */,
				2C23B50020D3AC62008D97C7 /* Assets.xcassets in Resources */,
				2C23B4FE20D3AC60008D97C7 /* Main.storyboard in Resources */,
			);
			runOnlyForDeploymentPostprocessing = 0;
		};
/* End PBXResourcesBuildPhase section */

/* Begin PBXShellScriptBuildPhase section */
		7D720E097B513CBC2F2E9920 /* [CP] Embed Pods Frameworks */ = {
			isa = PBXShellScriptBuildPhase;
			buildActionMask = 2147483647;
			files = (
			);
			inputPaths = (
				"${SRCROOT}/Pods/Target Support Files/Pods-WebSocketClient/Pods-WebSocketClient-frameworks.sh",
				"${BUILT_PRODUCTS_DIR}/Starscream/Starscream.framework",
			);
			name = "[CP] Embed Pods Frameworks";
			outputPaths = (
				"${TARGET_BUILD_DIR}/${FRAMEWORKS_FOLDER_PATH}/Starscream.framework",
			);
			runOnlyForDeploymentPostprocessing = 0;
			shellPath = /bin/sh;
			shellScript = "\"${SRCROOT}/Pods/Target Support Files/Pods-WebSocketClient/Pods-WebSocketClient-frameworks.sh\"\n";
			showEnvVarsInLog = 0;
		};
		C2D538C287BB48256067501F /* [CP] Check Pods Manifest.lock */ = {
			isa = PBXShellScriptBuildPhase;
			buildActionMask = 2147483647;
			files = (
			);
			inputPaths = (
				"${PODS_PODFILE_DIR_PATH}/Podfile.lock",
				"${PODS_ROOT}/Manifest.lock",
			);
			name = "[CP] Check Pods Manifest.lock";
			outputPaths = (
				"$(DERIVED_FILE_DIR)/Pods-WebSocketClient-checkManifestLockResult.txt",
			);
			runOnlyForDeploymentPostprocessing = 0;
			shellPath = /bin/sh;
			shellScript = "diff \"${PODS_PODFILE_DIR_PATH}/Podfile.lock\" \"${PODS_ROOT}/Manifest.lock\" > /dev/null\nif [ $? != 0 ] ; then\n    # print error to STDERR\n    echo \"error: The sandbox is not in sync with the Podfile.lock. Run 'pod install' or update your CocoaPods installation.\" >&2\n    exit 1\nfi\n# This output is used by Xcode 'outputs' to avoid re-running this script phase.\necho \"SUCCESS\" > \"${SCRIPT_OUTPUT_FILE_0}\"\n";
			showEnvVarsInLog = 0;
		};
/* End PBXShellScriptBuildPhase section */

/* Begin PBXSourcesBuildPhase section */
		2C23B4F120D3AC60008D97C7 /* Sources */ = {
			isa = PBXSourcesBuildPhase;
			buildActionMask = 2147483647;
			files = (
				2C23B4FB20D3AC60008D97C7 /* ViewController.swift in Sources */,
				2C23B4F920D3AC60008D97C7 /* AppDelegate.swift in Sources */,
			);
			runOnlyForDeploymentPostprocessing = 0;
		};
/* End PBXSourcesBuildPhase section */

/* Begin PBXVariantGroup section */
		2C23B4FC20D3AC60008D97C7 /* Main.storyboard */ = {
			isa = PBXVariantGroup;
			children = (
				2C23B4FD20D3AC60008D97C7 /* Base */,
			);
			name = Main.storyboard;
			sourceTree = "<group>";
		};
		2C23B50120D3AC62008D97C7 /* LaunchScreen.storyboard */ = {
			isa = PBXVariantGroup;
			children = (
				2C23B50220D3AC62008D97C7 /* Base */,
			);
			name = LaunchScreen.storyboard;
			sourceTree = "<group>";
		};
/* End PBXVariantGroup section */

/* Begin XCBuildConfiguration section */
		2C23B50520D3AC62008D97C7 /* Debug */ = {
			isa = XCBuildConfiguration;
			buildSettings = {
				ALWAYS_SEARCH_USER_PATHS = NO;
				CLANG_ANALYZER_NONNULL = YES;
				CLANG_ANALYZER_NUMBER_OBJECT_CONVERSION = YES_AGGRESSIVE;
				CLANG_CXX_LANGUAGE_STANDARD = "gnu++14";
				CLANG_CXX_LIBRARY = "libc++";
				CLANG_ENABLE_MODULES = YES;
				CLANG_ENABLE_OBJC_ARC = YES;
				CLANG_ENABLE_OBJC_WEAK = YES;
				CLANG_WARN_BLOCK_CAPTURE_AUTORELEASING = YES;
				CLANG_WARN_BOOL_CONVERSION = YES;
				CLANG_WARN_COMMA = YES;
				CLANG_WARN_CONSTANT_CONVERSION = YES;
				CLANG_WARN_DEPRECATED_OBJC_IMPLEMENTATIONS = YES;
				CLANG_WARN_DIRECT_OBJC_ISA_USAGE = YES_ERROR;
				CLANG_WARN_DOCUMENTATION_COMMENTS = YES;
				CLANG_WARN_EMPTY_BODY = YES;
				CLANG_WARN_ENUM_CONVERSION = YES;
				CLANG_WARN_INFINITE_RECURSION = YES;
				CLANG_WARN_INT_CONVERSION = YES;
				CLANG_WARN_NON_LITERAL_NULL_CONVERSION = YES;
				CLANG_WARN_OBJC_IMPLICIT_RETAIN_SELF = YES;
				CLANG_WARN_OBJC_LITERAL_CONVERSION = YES;
				CLANG_WARN_OBJC_ROOT_CLASS = YES_ERROR;
				CLANG_WARN_RANGE_LOOP_ANALYSIS = YES;
				CLANG_WARN_STRICT_PROTOTYPES = YES;
				CLANG_WARN_SUSPICIOUS_MOVE = YES;
				CLANG_WARN_UNGUARDED_AVAILABILITY = YES_AGGRESSIVE;
				CLANG_WARN_UNREACHABLE_CODE = YES;
				CLANG_WARN__DUPLICATE_METHOD_MATCH = YES;
				CODE_SIGN_IDENTITY = "iPhone Developer";
				COPY_PHASE_STRIP = NO;
				DEBUG_INFORMATION_FORMAT = dwarf;
				ENABLE_STRICT_OBJC_MSGSEND = YES;
				ENABLE_TESTABILITY = YES;
				GCC_C_LANGUAGE_STANDARD = gnu11;
				GCC_DYNAMIC_NO_PIC = NO;
				GCC_NO_COMMON_BLOCKS = YES;
				GCC_OPTIMIZATION_LEVEL = 0;
				GCC_PREPROCESSOR_DEFINITIONS = (
					"DEBUG=1",
					"$(inherited)",
				);
				GCC_WARN_64_TO_32_BIT_CONVERSION = YES;
				GCC_WARN_ABOUT_RETURN_TYPE = YES_ERROR;
				GCC_WARN_UNDECLARED_SELECTOR = YES;
				GCC_WARN_UNINITIALIZED_AUTOS = YES_AGGRESSIVE;
				GCC_WARN_UNUSED_FUNCTION = YES;
				GCC_WARN_UNUSED_VARIABLE = YES;
				IPHONEOS_DEPLOYMENT_TARGET = 11.4;
				MTL_ENABLE_DEBUG_INFO = YES;
				ONLY_ACTIVE_ARCH = YES;
				SDKROOT = iphoneos;
				SWIFT_ACTIVE_COMPILATION_CONDITIONS = DEBUG;
				SWIFT_OPTIMIZATION_LEVEL = "-Onone";
			};
			name = Debug;
		};
		2C23B50620D3AC62008D97C7 /* Release */ = {
			isa = XCBuildConfiguration;
			buildSettings = {
				ALWAYS_SEARCH_USER_PATHS = NO;
				CLANG_ANALYZER_NONNULL = YES;
				CLANG_ANALYZER_NUMBER_OBJECT_CONVERSION = YES_AGGRESSIVE;
				CLANG_CXX_LANGUAGE_STANDARD = "gnu++14";
				CLANG_CXX_LIBRARY = "libc++";
				CLANG_ENABLE_MODULES = YES;
				CLANG_ENABLE_OBJC_ARC = YES;
				CLANG_ENABLE_OBJC_WEAK = YES;
				CLANG_WARN_BLOCK_CAPTURE_AUTORELEASING = YES;
				CLANG_WARN_BOOL_CONVERSION = YES;
				CLANG_WARN_COMMA = YES;
				CLANG_WARN_CONSTANT_CONVERSION = YES;
				CLANG_WARN_DEPRECATED_OBJC_IMPLEMENTATIONS = YES;
				CLANG_WARN_DIRECT_OBJC_ISA_USAGE = YES_ERROR;
				CLANG_WARN_DOCUMENTATION_COMMENTS = YES;
				CLANG_WARN_EMPTY_BODY = YES;
				CLANG_WARN_ENUM_CONVERSION = YES;
				CLANG_WARN_INFINITE_RECURSION = YES;
				CLANG_WARN_INT_CONVERSION = YES;
				CLANG_WARN_NON_LITERAL_NULL_CONVERSION = YES;
				CLANG_WARN_OBJC_IMPLICIT_RETAIN_SELF = YES;
				CLANG_WARN_OBJC_LITERAL_CONVERSION = YES;
				CLANG_WARN_OBJC_ROOT_CLASS = YES_ERROR;
				CLANG_WARN_RANGE_LOOP_ANALYSIS = YES;
				CLANG_WARN_STRICT_PROTOTYPES = YES;
				CLANG_WARN_SUSPICIOUS_MOVE = YES;
				CLANG_WARN_UNGUARDED_AVAILABILITY = YES_AGGRESSIVE;
				CLANG_WARN_UNREACHABLE_CODE = YES;
				CLANG_WARN__DUPLICATE_METHOD_MATCH = YES;
				CODE_SIGN_IDENTITY = "iPhone Developer";
				COPY_PHASE_STRIP = NO;
				DEBUG_INFORMATION_FORMAT = "dwarf-with-dsym";
				ENABLE_NS_ASSERTIONS = NO;
				ENABLE_STRICT_OBJC_MSGSEND = YES;
				GCC_C_LANGUAGE_STANDARD = gnu11;
				GCC_NO_COMMON_BLOCKS = YES;
				GCC_WARN_64_TO_32_BIT_CONVERSION = YES;
				GCC_WARN_ABOUT_RETURN_TYPE = YES_ERROR;
				GCC_WARN_UNDECLARED_SELECTOR = YES;
				GCC_WARN_UNINITIALIZED_AUTOS = YES_AGGRESSIVE;
				GCC_WARN_UNUSED_FUNCTION = YES;
				GCC_WARN_UNUSED_VARIABLE = YES;
				IPHONEOS_DEPLOYMENT_TARGET = 11.4;
				MTL_ENABLE_DEBUG_INFO = NO;
				SDKROOT = iphoneos;
				SWIFT_OPTIMIZATION_LEVEL = "-Owholemodule";
				VALIDATE_PRODUCT = YES;
			};
			name = Release;
		};
		2C23B50820D3AC62008D97C7 /* Debug */ = {
			isa = XCBuildConfiguration;
			baseConfigurationReference = 3966D96F9146E70F40D14484 /* Pods-WebSocketClient.debug.xcconfig */;
			buildSettings = {
				ASSETCATALOG_COMPILER_APPICON_NAME = AppIcon;
				CODE_SIGN_STYLE = Automatic;
				INFOPLIST_FILE = WebSocketClient/Info.plist;
				LD_RUNPATH_SEARCH_PATHS = "$(inherited) @executable_path/Frameworks";
				PRODUCT_BUNDLE_IDENTIFIER = com.wannabewize.example.WebSocketClient;
				PRODUCT_NAME = "$(TARGET_NAME)";
				SWIFT_VERSION = 4.0;
				TARGETED_DEVICE_FAMILY = "1,2";
			};
			name = Debug;
		};
		2C23B50920D3AC62008D97C7 /* Release */ = {
			isa = XCBuildConfiguration;
			baseConfigurationReference = D73F1478BA557D218E646B38 /* Pods-WebSocketClient.release.xcconfig */;
			buildSettings = {
				ASSETCATALOG_COMPILER_APPICON_NAME = AppIcon;
				CODE_SIGN_STYLE = Automatic;
				INFOPLIST_FILE = WebSocketClient/Info.plist;
				LD_RUNPATH_SEARCH_PATHS = "$(inherited) @executable_path/Frameworks";
				PRODUCT_BUNDLE_IDENTIFIER = com.wannabewize.example.WebSocketClient;
				PRODUCT_NAME = "$(TARGET_NAME)";
				SWIFT_VERSION = 4.0;
				TARGETED_DEVICE_FAMILY = "1,2";
			};
			name = Release;
		};
/* End XCBuildConfiguration section */

/* Begin XCConfigurationList section */
		2C23B4F020D3AC60008D97C7 /* Build configuration list for PBXProject "WebSocketClient" */ = {
			isa = XCConfigurationList;
			buildConfigurations = (
				2C23B50520D3AC62008D97C7 /* Debug */,
				2C23B50620D3AC62008D97C7 /* Release */,
			);
			defaultConfigurationIsVisible = 0;
			defaultConfigurationName = Release;
		};
		2C23B50720D3AC62008D97C7 /* Build configuration list for PBXNativeTarget "WebSocketClient" */ = {
			isa = XCConfigurationList;
			buildConfigurations = (
				2C23B50820D3AC62008D97C7 /* Debug */,
				2C23B50920D3AC62008D97C7 /* Release */,
			);
			defaultConfigurationIsVisible = 0;
			defaultConfigurationName = Release;
		};
/* End XCConfigurationList section */
	};
	rootObject = 2C23B4ED20D3AC60008D97C7 /* Project object */;
}
